
Microsoft Visual Studio Solution File, Format Version 11.00
# Visual Studio 2010
Project("{FAE04EC0-301F-11D3-BF4B-00C04F79EFBC}") = "Dorado.Spider", "Dorado.Spider.csproj", "{632A1460-BB77-4DE8-A699-E828BD0B0864}"
EndProject
Global
	GlobalSection(SolutionConfigurationPlatforms) = preSolution
		Debug|Any CPU = Debug|Any CPU
		Release|Any CPU = Release|Any CPU
	EndGlobalSection
	GlobalSection(ProjectConfigurationPlatforms) = postSolution
		{632A1460-BB77-4DE8-A699-E828BD0B0864}.Debug|Any CPU.ActiveCfg = Debug|Any CPU
		{632A1460-BB77-4DE8-A699-E828BD0B0864}.Debug|Any CPU.Build.0 = Debug|Any CPU
		{632A1460-BB77-4DE8-A699-E828BD0B0864}.Release|Any CPU.ActiveCfg = Release|Any CPU
		{632A1460-BB77-4DE8-A699-E828BD0B0864}.Release|Any CPU.Build.0 = Release|Any CPU
	EndGlobalSection
	GlobalSection(SolutionProperties) = preSolution
		HideSolutionNode = FALSE
	EndGlobalSection
EndGlobal
