
Microsoft Visual Studio Solution File, Format Version 12.00
# Visual Studio 15
VisualStudioVersion = 15.0.26430.15
MinimumVisualStudioVersion = 10.0.40219.1
Project("{2150E333-8FDC-42A3-9474-1A3956D46DE8}") = "Dorado.Package", "Dorado.Package", "{32DEA407-F0A1-4E3A-BE86-795BDFC5283F}"
EndProject
Project("{FAE04EC0-301F-11D3-BF4B-00C04F79EFBC}") = "Dorado.Package.WindowsService", "Dorado.Package\Dorado.Package.WindowsService\Dorado.Package.WindowsService.csproj", "{40605442-E95B-4677-B420-49769450C898}"
EndProject
Project("{FAE04EC0-301F-11D3-BF4B-00C04F79EFBC}") = "Dorado.Package.ServiceImp", "Dorado.Package\Dorado.Package.ServiceImp\Dorado.Package.ServiceImp.csproj", "{1AD36E7B-DB81-4582-B1B6-A32E577E8C15}"
EndProject
Project("{FAE04EC0-301F-11D3-BF4B-00C04F79EFBC}") = "Dorado.Package.ServiceInterface", "Dorado.Package\Dorado.Package.ServiceInterface\Dorado.Package.ServiceInterface.csproj", "{81EDED4B-F818-4D2E-9627-7140B5D804F5}"
EndProject
Project("{FAE04EC0-301F-11D3-BF4B-00C04F79EFBC}") = "Dorado.Package.Component", "Dorado.Package\Dorado.Package.Component\Dorado.Package.Component.csproj", "{5A63DAAD-CECF-4F42-A118-BBCDFC24D9B8}"
EndProject
Project("{2150E333-8FDC-42A3-9474-1A3956D46DE8}") = "Dorado.ActivityEngine", "Dorado.ActivityEngine", "{20C67BA2-160A-4B23-9D02-A326BCA0F490}"
EndProject
Project("{FAE04EC0-301F-11D3-BF4B-00C04F79EFBC}") = "Dorado.ActivityEngine.ServiceInterface", "Dorado.ActivityEngine\Dorado.ActivityEngine.ServiceInterface\Dorado.ActivityEngine.ServiceInterface.csproj", "{AD94C6D8-099A-450B-8A8A-6F98B4910CE1}"
EndProject
Project("{FAE04EC0-301F-11D3-BF4B-00C04F79EFBC}") = "Dorado.ActivityEngine.ServiceImp", "Dorado.ActivityEngine\Dorado.ActivityEngine.ServiceImp\Dorado.ActivityEngine.ServiceImp.csproj", "{D652B246-421E-4A3C-979E-A54F005CEB72}"
EndProject
Project("{2150E333-8FDC-42A3-9474-1A3956D46DE8}") = "Dorado.Config", "Dorado.Config", "{52898E5B-5144-46FA-9D5D-D3D043994EC7}"
EndProject
Project("{FAE04EC0-301F-11D3-BF4B-00C04F79EFBC}") = "Dorado.Configuration", "Dorado.Config\Dorado.Configuration\Dorado.Configuration.csproj", "{9BCA8D0B-FED3-4494-90E9-0A18A527CC3C}"
EndProject
Project("{FAE04EC0-301F-11D3-BF4B-00C04F79EFBC}") = "Dorado.Configuration.ServerHost", "Dorado.Config\Dorado.Configuration.ServerHost\Dorado.Configuration.ServerHost.csproj", "{6D54485B-78C9-4FBC-A18D-594FFB930DF8}"
EndProject
Project("{FAE04EC0-301F-11D3-BF4B-00C04F79EFBC}") = "Dorado.Configuration.Manager", "Dorado.Config\Dorado.Configuration.Manager\Dorado.Configuration.Manager.csproj", "{82561624-445B-4711-AF2B-F4AE941F331F}"
EndProject
Project("{2150E333-8FDC-42A3-9474-1A3956D46DE8}") = "Dorado.Web", "Dorado.Web", "{501A7235-994F-4A91-8657-8EC4FA9524F8}"
EndProject
Project("{FAE04EC0-301F-11D3-BF4B-00C04F79EFBC}") = "Dorado.UrlRewriter", "Dorado.Web\Dorado.UrlRewriter\Dorado.UrlRewriter.csproj", "{9CCBDDF6-2608-48BB-9E71-B60B4758D4FF}"
EndProject
Project("{2150E333-8FDC-42A3-9474-1A3956D46DE8}") = "Dorado.Data", "Dorado.Data", "{7E5A33DA-06EC-47FE-9764-D64923C5667D}"
EndProject
Project("{FAE04EC0-301F-11D3-BF4B-00C04F79EFBC}") = "Dorado.DataExpress", "Dorado.Data\Dorado.DataExpress\Dorado.DataExpress.csproj", "{02977B61-72D9-4490-962E-F5ECC419C8F1}"
EndProject
Project("{FAE04EC0-301F-11D3-BF4B-00C04F79EFBC}") = "Dorado.Data", "Dorado.Data\Dorado.Data\Dorado.Data.csproj", "{DFD39E62-6F6E-414A-8446-2EAAC02093C5}"
EndProject
Project("{FAE04EC0-301F-11D3-BF4B-00C04F79EFBC}") = "Dorado.SqlCe", "Dorado.Data\Dorado.SqlCe\Dorado.SqlCe.csproj", "{E7759526-723D-47CD-B833-8AEB1424C287}"
EndProject
Project("{2150E333-8FDC-42A3-9474-1A3956D46DE8}") = "Dorado.Middleware", "Dorado.Middleware", "{CFA9E782-C73F-4816-A3FC-7A378C9612CC}"
EndProject
Project("{FAE04EC0-301F-11D3-BF4B-00C04F79EFBC}") = "Dorado.Queue", "Dorado.Middleware\Dorado.Queue\Dorado.Queue.csproj", "{19EC1128-E85D-4047-9FAF-7D2B5B8A0856}"
EndProject
Project("{FAE04EC0-301F-11D3-BF4B-00C04F79EFBC}") = "Dorado.Security", "Dorado.Middleware\Dorado.Security\Dorado.Security.csproj", "{A59D53E1-5481-4826-9F97-5679A6A93C19}"
EndProject
Project("{2150E333-8FDC-42A3-9474-1A3956D46DE8}") = "Dorado.ESB", "Dorado.ESB", "{C4DFB78D-7D08-4D96-82A6-4E26DEE8824F}"
EndProject
Project("{2150E333-8FDC-42A3-9474-1A3956D46DE8}") = "ServiceComponents", "ServiceComponents", "{E8C0C2AC-74AE-4C15-AD2C-97CC3E965374}"
EndProject
Project("{2150E333-8FDC-42A3-9474-1A3956D46DE8}") = "ApiWcf", "ApiWcf", "{D5BDEE2D-2991-42BC-A7E4-CAC6862E7DA0}"
EndProject
Project("{FAE04EC0-301F-11D3-BF4B-00C04F79EFBC}") = "Dorado.ESB.GenerateServices", "Dorado.ESB\Dorado.ESB.GenerateServices\Dorado.ESB.GenerateServices.csproj", "{FA598FEB-CC94-40C8-B901-03E1356567DF}"
EndProject
Project("{FAE04EC0-301F-11D3-BF4B-00C04F79EFBC}") = "Dorado.ESB.ClientProxyFactory", "Dorado.ESB\Dorado.ESB.ClientProxyFactory\Dorado.ESB.ClientProxyFactory.csproj", "{B0803286-89DF-4D3E-9884-58D6AC2C6B45}"
EndProject
Project("{FAE04EC0-301F-11D3-BF4B-00C04F79EFBC}") = "Dorado.ESB.Common", "Dorado.ESB\Dorado.ESB.Common\Dorado.ESB.Common.csproj", "{BC4C586D-C645-4960-9353-24C3BA6707FD}"
EndProject
Project("{FAE04EC0-301F-11D3-BF4B-00C04F79EFBC}") = "Dorado.ESB.Core", "Dorado.ESB\Dorado.ESB.Core\Dorado.ESB.Core.csproj", "{F9EA6889-691B-4898-BC6E-7184F5DBAF9E}"
EndProject
Project("{FAE04EC0-301F-11D3-BF4B-00C04F79EFBC}") = "Dorado.ESB.Extensions", "Dorado.ESB\Dorado.ESB.Extensions\Dorado.ESB.Extensions.csproj", "{A1D6B07F-755C-4F0E-9CD1-20F683AF37E2}"
EndProject
Project("{FAE04EC0-301F-11D3-BF4B-00C04F79EFBC}") = "Dorado.ESB.ServiceGenerateFactory", "Dorado.ESB\Dorado.ESB.ServiceGenerateFactory\Dorado.ESB.ServiceGenerateFactory.csproj", "{505C8B29-8966-4A1A-8271-9EB733C1E27A}"
EndProject
Project("{FAE04EC0-301F-11D3-BF4B-00C04F79EFBC}") = "Dorado.ESB.ServiceHost", "Dorado.ESB\Dorado.ESB.ServiceHost\Dorado.ESB.ServiceHost.csproj", "{A617941A-A751-45C6-AF9A-F9C637B88A77}"
EndProject
Project("{FAE04EC0-301F-11D3-BF4B-00C04F79EFBC}") = "Dorado.ESB.WindowsService", "Dorado.ESB\Dorado.ESB.WindowsService\Dorado.ESB.WindowsService.csproj", "{BB19FF08-6B55-4B16-8172-291FF363D439}"
EndProject
Project("{FAE04EC0-301F-11D3-BF4B-00C04F79EFBC}") = "Dorado.ESB.Communication", "Dorado.ESB\Dorado.ESB.Communication\Dorado.ESB.Communication.csproj", "{0CB4A3B1-8CD9-414D-AD1A-F5163495B22E}"
EndProject
Project("{FAE04EC0-301F-11D3-BF4B-00C04F79EFBC}") = "Dorado.ESB.Json", "Dorado.ESB\Dorado.ESB.Json\Dorado.ESB.Json.csproj", "{96D9F6CA-8D35-4363-95FE-2129A7C88992}"
EndProject
Project("{FAE04EC0-301F-11D3-BF4B-00C04F79EFBC}") = "Dorado.Tools", "Dorado.Tools\Dorado.Tools.csproj", "{04DB8AE8-077D-4569-8473-9732884EBCAE}"
EndProject
Project("{FAE04EC0-301F-11D3-BF4B-00C04F79EFBC}") = "Dorado.Test", "Dorado.Test\Dorado.Test.csproj", "{BD82823D-9C26-4B91-B4AB-7EA75B14FD1D}"
EndProject
Project("{FAE04EC0-301F-11D3-BF4B-00C04F79EFBC}") = "Dorado.Wcf", "Dorado.Wcf\Dorado.Wcf.csproj", "{6E6AD9A2-F8D2-44EB-8174-9C6272536499}"
EndProject
Project("{FAE04EC0-301F-11D3-BF4B-00C04F79EFBC}") = "Dorado.Windows", "Dorado.Windows\Dorado.Windows.csproj", "{B052B773-5129-4C2F-B66D-92063BF52DD1}"
EndProject
Project("{FAE04EC0-301F-11D3-BF4B-00C04F79EFBC}") = "Dorado", "Dorado\Dorado.csproj", "{56CB9912-4CE8-4370-8B21-5EEEF2123E9E}"
EndProject
Project("{FAE04EC0-301F-11D3-BF4B-00C04F79EFBC}") = "Dorado.Web", "Dorado.Web\Dorado.Web\Dorado.Web.csproj", "{146499B2-113A-4BCB-B30C-860F8F1153A6}"
EndProject
Project("{FAE04EC0-301F-11D3-BF4B-00C04F79EFBC}") = "Dorado.SQLite", "Dorado.Data\Dorado.SQLite\Dorado.SQLite.csproj", "{A4B3519A-940E-4A68-A405-D5F4F39AF5A2}"
EndProject
Project("{FAE04EC0-301F-11D3-BF4B-00C04F79EFBC}") = "Dorado.Spider", "Dorado.Spider\Dorado.Spider.csproj", "{632A1460-BB77-4DE8-A699-E828BD0B0864}"
EndProject
Project("{2150E333-8FDC-42A3-9474-1A3956D46DE8}") = "Dorado.VWS", "Dorado.VWS", "{FCF48A6C-9F01-442A-A9BE-57277288CED1}"
EndProject
Project("{FAE04EC0-301F-11D3-BF4B-00C04F79EFBC}") = "ClientUpdate", "Dorado.VWS\ClientUpdate\ClientUpdate.csproj", "{CD8E46DE-C63C-494D-BB40-0A78F0F64CD5}"
EndProject
Project("{FAE04EC0-301F-11D3-BF4B-00C04F79EFBC}") = "Dorado.VWS.Admin", "Dorado.VWS\Dorado.VWS.Admin\Dorado.VWS.Admin.csproj", "{6EE10C51-6732-4D95-ACF5-572052A1B003}"
EndProject
Project("{FAE04EC0-301F-11D3-BF4B-00C04F79EFBC}") = "Dorado.VWS.ClientHost", "Dorado.VWS\Dorado.VWS.ClientService\Dorado.VWS.ClientHost.csproj", "{5EC49675-9B7C-4522-9B2B-193D9139BA89}"
EndProject
Project("{FAE04EC0-301F-11D3-BF4B-00C04F79EFBC}") = "Dorado.VWS.Model", "Dorado.VWS\Dorado.VWS.Model\Dorado.VWS.Model.csproj", "{34C2CD22-C193-4CF4-992C-A67DC379DAFE}"
EndProject
Project("{FAE04EC0-301F-11D3-BF4B-00C04F79EFBC}") = "Dorado.VWS.Services", "Dorado.VWS\Dorado.VWS.Services\Dorado.VWS.Services.csproj", "{1DDE7E63-49F4-4A87-8DE7-F55D4FA81DA8}"
EndProject
Project("{FAE04EC0-301F-11D3-BF4B-00C04F79EFBC}") = "Dorado.VWS.TaskStateCheckService", "Dorado.VWS\Dorado.VWS.TaskStateCheckService\Dorado.VWS.TaskStateCheckService.csproj", "{91F5F9EE-CC10-4D87-BB63-936D1421938D}"
EndProject
Project("{FAE04EC0-301F-11D3-BF4B-00C04F79EFBC}") = "Dorado.VWS.Utils", "Dorado.VWS\Dorado.VWS.Utils\Dorado.VWS.Utils.csproj", "{F34400E2-4E8D-4174-B602-E6CF94142451}"
EndProject
Global
	GlobalSection(SolutionConfigurationPlatforms) = preSolution
		Debug|Any CPU = Debug|Any CPU
		Debug|Mixed Platforms = Debug|Mixed Platforms
		Debug|x86 = Debug|x86
		Release|Any CPU = Release|Any CPU
		Release|Mixed Platforms = Release|Mixed Platforms
		Release|x86 = Release|x86
		Release-Combine|Any CPU = Release-Combine|Any CPU
		Release-Combine|Mixed Platforms = Release-Combine|Mixed Platforms
		Release-Combine|x86 = Release-Combine|x86
	EndGlobalSection
	GlobalSection(ProjectConfigurationPlatforms) = postSolution
		{40605442-E95B-4677-B420-49769450C898}.Debug|Any CPU.ActiveCfg = Debug|Any CPU
		{40605442-E95B-4677-B420-49769450C898}.Debug|Any CPU.Build.0 = Debug|Any CPU
		{40605442-E95B-4677-B420-49769450C898}.Debug|Mixed Platforms.ActiveCfg = Debug|Any CPU
		{40605442-E95B-4677-B420-49769450C898}.Debug|Mixed Platforms.Build.0 = Debug|Any CPU
		{40605442-E95B-4677-B420-49769450C898}.Debug|x86.ActiveCfg = Debug|Any CPU
		{40605442-E95B-4677-B420-49769450C898}.Release|Any CPU.ActiveCfg = Release|Any CPU
		{40605442-E95B-4677-B420-49769450C898}.Release|Any CPU.Build.0 = Release|Any CPU
		{40605442-E95B-4677-B420-49769450C898}.Release|Mixed Platforms.ActiveCfg = Release|Any CPU
		{40605442-E95B-4677-B420-49769450C898}.Release|Mixed Platforms.Build.0 = Release|Any CPU
		{40605442-E95B-4677-B420-49769450C898}.Release|x86.ActiveCfg = Release|Any CPU
		{40605442-E95B-4677-B420-49769450C898}.Release-Combine|Any CPU.ActiveCfg = Release|Any CPU
		{40605442-E95B-4677-B420-49769450C898}.Release-Combine|Any CPU.Build.0 = Release|Any CPU
		{40605442-E95B-4677-B420-49769450C898}.Release-Combine|Mixed Platforms.ActiveCfg = Release|Any CPU
		{40605442-E95B-4677-B420-49769450C898}.Release-Combine|Mixed Platforms.Build.0 = Release|Any CPU
		{40605442-E95B-4677-B420-49769450C898}.Release-Combine|x86.ActiveCfg = Release|Any CPU
		{1AD36E7B-DB81-4582-B1B6-A32E577E8C15}.Debug|Any CPU.ActiveCfg = Debug|Any CPU
		{1AD36E7B-DB81-4582-B1B6-A32E577E8C15}.Debug|Any CPU.Build.0 = Debug|Any CPU
		{1AD36E7B-DB81-4582-B1B6-A32E577E8C15}.Debug|Mixed Platforms.ActiveCfg = Debug|Any CPU
		{1AD36E7B-DB81-4582-B1B6-A32E577E8C15}.Debug|Mixed Platforms.Build.0 = Debug|Any CPU
		{1AD36E7B-DB81-4582-B1B6-A32E577E8C15}.Debug|x86.ActiveCfg = Debug|Any CPU
		{1AD36E7B-DB81-4582-B1B6-A32E577E8C15}.Release|Any CPU.ActiveCfg = Release|Any CPU
		{1AD36E7B-DB81-4582-B1B6-A32E577E8C15}.Release|Any CPU.Build.0 = Release|Any CPU
		{1AD36E7B-DB81-4582-B1B6-A32E577E8C15}.Release|Mixed Platforms.ActiveCfg = Release|Any CPU
		{1AD36E7B-DB81-4582-B1B6-A32E577E8C15}.Release|Mixed Platforms.Build.0 = Release|Any CPU
		{1AD36E7B-DB81-4582-B1B6-A32E577E8C15}.Release|x86.ActiveCfg = Release|Any CPU
		{1AD36E7B-DB81-4582-B1B6-A32E577E8C15}.Release-Combine|Any CPU.ActiveCfg = Release|Any CPU
		{1AD36E7B-DB81-4582-B1B6-A32E577E8C15}.Release-Combine|Any CPU.Build.0 = Release|Any CPU
		{1AD36E7B-DB81-4582-B1B6-A32E577E8C15}.Release-Combine|Mixed Platforms.ActiveCfg = Release|Any CPU
		{1AD36E7B-DB81-4582-B1B6-A32E577E8C15}.Release-Combine|Mixed Platforms.Build.0 = Release|Any CPU
		{1AD36E7B-DB81-4582-B1B6-A32E577E8C15}.Release-Combine|x86.ActiveCfg = Release|Any CPU
		{81EDED4B-F818-4D2E-9627-7140B5D804F5}.Debug|Any CPU.ActiveCfg = Debug|Any CPU
		{81EDED4B-F818-4D2E-9627-7140B5D804F5}.Debug|Any CPU.Build.0 = Debug|Any CPU
		{81EDED4B-F818-4D2E-9627-7140B5D804F5}.Debug|Mixed Platforms.ActiveCfg = Debug|Any CPU
		{81EDED4B-F818-4D2E-9627-7140B5D804F5}.Debug|Mixed Platforms.Build.0 = Debug|Any CPU
		{81EDED4B-F818-4D2E-9627-7140B5D804F5}.Debug|x86.ActiveCfg = Debug|Any CPU
		{81EDED4B-F818-4D2E-9627-7140B5D804F5}.Release|Any CPU.ActiveCfg = Release|Any CPU
		{81EDED4B-F818-4D2E-9627-7140B5D804F5}.Release|Any CPU.Build.0 = Release|Any CPU
		{81EDED4B-F818-4D2E-9627-7140B5D804F5}.Release|Mixed Platforms.ActiveCfg = Release|Any CPU
		{81EDED4B-F818-4D2E-9627-7140B5D804F5}.Release|Mixed Platforms.Build.0 = Release|Any CPU
		{81EDED4B-F818-4D2E-9627-7140B5D804F5}.Release|x86.ActiveCfg = Release|Any CPU
		{81EDED4B-F818-4D2E-9627-7140B5D804F5}.Release-Combine|Any CPU.ActiveCfg = Release|Any CPU
		{81EDED4B-F818-4D2E-9627-7140B5D804F5}.Release-Combine|Any CPU.Build.0 = Release|Any CPU
		{81EDED4B-F818-4D2E-9627-7140B5D804F5}.Release-Combine|Mixed Platforms.ActiveCfg = Release|Any CPU
		{81EDED4B-F818-4D2E-9627-7140B5D804F5}.Release-Combine|Mixed Platforms.Build.0 = Release|Any CPU
		{81EDED4B-F818-4D2E-9627-7140B5D804F5}.Release-Combine|x86.ActiveCfg = Release|Any CPU
		{5A63DAAD-CECF-4F42-A118-BBCDFC24D9B8}.Debug|Any CPU.ActiveCfg = Debug|Any CPU
		{5A63DAAD-CECF-4F42-A118-BBCDFC24D9B8}.Debug|Any CPU.Build.0 = Debug|Any CPU
		{5A63DAAD-CECF-4F42-A118-BBCDFC24D9B8}.Debug|Mixed Platforms.ActiveCfg = Debug|Any CPU
		{5A63DAAD-CECF-4F42-A118-BBCDFC24D9B8}.Debug|Mixed Platforms.Build.0 = Debug|Any CPU
		{5A63DAAD-CECF-4F42-A118-BBCDFC24D9B8}.Debug|x86.ActiveCfg = Debug|Any CPU
		{5A63DAAD-CECF-4F42-A118-BBCDFC24D9B8}.Release|Any CPU.ActiveCfg = Release|Any CPU
		{5A63DAAD-CECF-4F42-A118-BBCDFC24D9B8}.Release|Any CPU.Build.0 = Release|Any CPU
		{5A63DAAD-CECF-4F42-A118-BBCDFC24D9B8}.Release|Mixed Platforms.ActiveCfg = Release|Any CPU
		{5A63DAAD-CECF-4F42-A118-BBCDFC24D9B8}.Release|Mixed Platforms.Build.0 = Release|Any CPU
		{5A63DAAD-CECF-4F42-A118-BBCDFC24D9B8}.Release|x86.ActiveCfg = Release|Any CPU
		{5A63DAAD-CECF-4F42-A118-BBCDFC24D9B8}.Release-Combine|Any CPU.ActiveCfg = Release|Any CPU
		{5A63DAAD-CECF-4F42-A118-BBCDFC24D9B8}.Release-Combine|Any CPU.Build.0 = Release|Any CPU
		{5A63DAAD-CECF-4F42-A118-BBCDFC24D9B8}.Release-Combine|Mixed Platforms.ActiveCfg = Release|Any CPU
		{5A63DAAD-CECF-4F42-A118-BBCDFC24D9B8}.Release-Combine|Mixed Platforms.Build.0 = Release|Any CPU
		{5A63DAAD-CECF-4F42-A118-BBCDFC24D9B8}.Release-Combine|x86.ActiveCfg = Release|Any CPU
		{AD94C6D8-099A-450B-8A8A-6F98B4910CE1}.Debug|Any CPU.ActiveCfg = Debug|Any CPU
		{AD94C6D8-099A-450B-8A8A-6F98B4910CE1}.Debug|Any CPU.Build.0 = Debug|Any CPU
		{AD94C6D8-099A-450B-8A8A-6F98B4910CE1}.Debug|Mixed Platforms.ActiveCfg = Debug|Any CPU
		{AD94C6D8-099A-450B-8A8A-6F98B4910CE1}.Debug|Mixed Platforms.Build.0 = Debug|Any CPU
		{AD94C6D8-099A-450B-8A8A-6F98B4910CE1}.Debug|x86.ActiveCfg = Debug|Any CPU
		{AD94C6D8-099A-450B-8A8A-6F98B4910CE1}.Release|Any CPU.ActiveCfg = Release|Any CPU
		{AD94C6D8-099A-450B-8A8A-6F98B4910CE1}.Release|Any CPU.Build.0 = Release|Any CPU
		{AD94C6D8-099A-450B-8A8A-6F98B4910CE1}.Release|Mixed Platforms.ActiveCfg = Release|Any CPU
		{AD94C6D8-099A-450B-8A8A-6F98B4910CE1}.Release|Mixed Platforms.Build.0 = Release|Any CPU
		{AD94C6D8-099A-450B-8A8A-6F98B4910CE1}.Release|x86.ActiveCfg = Release|Any CPU
		{AD94C6D8-099A-450B-8A8A-6F98B4910CE1}.Release-Combine|Any CPU.ActiveCfg = Release|Any CPU
		{AD94C6D8-099A-450B-8A8A-6F98B4910CE1}.Release-Combine|Any CPU.Build.0 = Release|Any CPU
		{AD94C6D8-099A-450B-8A8A-6F98B4910CE1}.Release-Combine|Mixed Platforms.ActiveCfg = Release|Any CPU
		{AD94C6D8-099A-450B-8A8A-6F98B4910CE1}.Release-Combine|Mixed Platforms.Build.0 = Release|Any CPU
		{AD94C6D8-099A-450B-8A8A-6F98B4910CE1}.Release-Combine|x86.ActiveCfg = Release|Any CPU
		{D652B246-421E-4A3C-979E-A54F005CEB72}.Debug|Any CPU.ActiveCfg = Debug|Any CPU
		{D652B246-421E-4A3C-979E-A54F005CEB72}.Debug|Any CPU.Build.0 = Debug|Any CPU
		{D652B246-421E-4A3C-979E-A54F005CEB72}.Debug|Mixed Platforms.ActiveCfg = Debug|Any CPU
		{D652B246-421E-4A3C-979E-A54F005CEB72}.Debug|Mixed Platforms.Build.0 = Debug|Any CPU
		{D652B246-421E-4A3C-979E-A54F005CEB72}.Debug|x86.ActiveCfg = Debug|Any CPU
		{D652B246-421E-4A3C-979E-A54F005CEB72}.Release|Any CPU.ActiveCfg = Release|Any CPU
		{D652B246-421E-4A3C-979E-A54F005CEB72}.Release|Any CPU.Build.0 = Release|Any CPU
		{D652B246-421E-4A3C-979E-A54F005CEB72}.Release|Mixed Platforms.ActiveCfg = Release|Any CPU
		{D652B246-421E-4A3C-979E-A54F005CEB72}.Release|Mixed Platforms.Build.0 = Release|Any CPU
		{D652B246-421E-4A3C-979E-A54F005CEB72}.Release|x86.ActiveCfg = Release|Any CPU
		{D652B246-421E-4A3C-979E-A54F005CEB72}.Release-Combine|Any CPU.ActiveCfg = Release|Any CPU
		{D652B246-421E-4A3C-979E-A54F005CEB72}.Release-Combine|Any CPU.Build.0 = Release|Any CPU
		{D652B246-421E-4A3C-979E-A54F005CEB72}.Release-Combine|Mixed Platforms.ActiveCfg = Release|Any CPU
		{D652B246-421E-4A3C-979E-A54F005CEB72}.Release-Combine|Mixed Platforms.Build.0 = Release|Any CPU
		{D652B246-421E-4A3C-979E-A54F005CEB72}.Release-Combine|x86.ActiveCfg = Release|Any CPU
		{9BCA8D0B-FED3-4494-90E9-0A18A527CC3C}.Debug|Any CPU.ActiveCfg = Debug|Any CPU
		{9BCA8D0B-FED3-4494-90E9-0A18A527CC3C}.Debug|Any CPU.Build.0 = Debug|Any CPU
		{9BCA8D0B-FED3-4494-90E9-0A18A527CC3C}.Debug|Mixed Platforms.ActiveCfg = Debug|Any CPU
		{9BCA8D0B-FED3-4494-90E9-0A18A527CC3C}.Debug|Mixed Platforms.Build.0 = Debug|Any CPU
		{9BCA8D0B-FED3-4494-90E9-0A18A527CC3C}.Debug|x86.ActiveCfg = Debug|Any CPU
		{9BCA8D0B-FED3-4494-90E9-0A18A527CC3C}.Release|Any CPU.ActiveCfg = Release|Any CPU
		{9BCA8D0B-FED3-4494-90E9-0A18A527CC3C}.Release|Any CPU.Build.0 = Release|Any CPU
		{9BCA8D0B-FED3-4494-90E9-0A18A527CC3C}.Release|Mixed Platforms.ActiveCfg = Release|Any CPU
		{9BCA8D0B-FED3-4494-90E9-0A18A527CC3C}.Release|Mixed Platforms.Build.0 = Release|Any CPU
		{9BCA8D0B-FED3-4494-90E9-0A18A527CC3C}.Release|x86.ActiveCfg = Release|Any CPU
		{9BCA8D0B-FED3-4494-90E9-0A18A527CC3C}.Release-Combine|Any CPU.ActiveCfg = Release|Any CPU
		{9BCA8D0B-FED3-4494-90E9-0A18A527CC3C}.Release-Combine|Any CPU.Build.0 = Release|Any CPU
		{9BCA8D0B-FED3-4494-90E9-0A18A527CC3C}.Release-Combine|Mixed Platforms.ActiveCfg = Release|Any CPU
		{9BCA8D0B-FED3-4494-90E9-0A18A527CC3C}.Release-Combine|Mixed Platforms.Build.0 = Release|Any CPU
		{9BCA8D0B-FED3-4494-90E9-0A18A527CC3C}.Release-Combine|x86.ActiveCfg = Release|Any CPU
		{6D54485B-78C9-4FBC-A18D-594FFB930DF8}.Debug|Any CPU.ActiveCfg = Debug|Any CPU
		{6D54485B-78C9-4FBC-A18D-594FFB930DF8}.Debug|Any CPU.Build.0 = Debug|Any CPU
		{6D54485B-78C9-4FBC-A18D-594FFB930DF8}.Debug|Mixed Platforms.ActiveCfg = Debug|Any CPU
		{6D54485B-78C9-4FBC-A18D-594FFB930DF8}.Debug|Mixed Platforms.Build.0 = Debug|Any CPU
		{6D54485B-78C9-4FBC-A18D-594FFB930DF8}.Debug|x86.ActiveCfg = Debug|Any CPU
		{6D54485B-78C9-4FBC-A18D-594FFB930DF8}.Release|Any CPU.ActiveCfg = Release|Any CPU
		{6D54485B-78C9-4FBC-A18D-594FFB930DF8}.Release|Any CPU.Build.0 = Release|Any CPU
		{6D54485B-78C9-4FBC-A18D-594FFB930DF8}.Release|Mixed Platforms.ActiveCfg = Release|Any CPU
		{6D54485B-78C9-4FBC-A18D-594FFB930DF8}.Release|Mixed Platforms.Build.0 = Release|Any CPU
		{6D54485B-78C9-4FBC-A18D-594FFB930DF8}.Release|x86.ActiveCfg = Release|Any CPU
		{6D54485B-78C9-4FBC-A18D-594FFB930DF8}.Release-Combine|Any CPU.ActiveCfg = Release|Any CPU
		{6D54485B-78C9-4FBC-A18D-594FFB930DF8}.Release-Combine|Any CPU.Build.0 = Release|Any CPU
		{6D54485B-78C9-4FBC-A18D-594FFB930DF8}.Release-Combine|Mixed Platforms.ActiveCfg = Release|Any CPU
		{6D54485B-78C9-4FBC-A18D-594FFB930DF8}.Release-Combine|Mixed Platforms.Build.0 = Release|Any CPU
		{6D54485B-78C9-4FBC-A18D-594FFB930DF8}.Release-Combine|x86.ActiveCfg = Release|Any CPU
		{82561624-445B-4711-AF2B-F4AE941F331F}.Debug|Any CPU.ActiveCfg = Debug|Any CPU
		{82561624-445B-4711-AF2B-F4AE941F331F}.Debug|Any CPU.Build.0 = Debug|Any CPU
		{82561624-445B-4711-AF2B-F4AE941F331F}.Debug|Mixed Platforms.ActiveCfg = Debug|Any CPU
		{82561624-445B-4711-AF2B-F4AE941F331F}.Debug|Mixed Platforms.Build.0 = Debug|Any CPU
		{82561624-445B-4711-AF2B-F4AE941F331F}.Debug|x86.ActiveCfg = Debug|Any CPU
		{82561624-445B-4711-AF2B-F4AE941F331F}.Release|Any CPU.ActiveCfg = Release|Any CPU
		{82561624-445B-4711-AF2B-F4AE941F331F}.Release|Any CPU.Build.0 = Release|Any CPU
		{82561624-445B-4711-AF2B-F4AE941F331F}.Release|Mixed Platforms.ActiveCfg = Release|Any CPU
		{82561624-445B-4711-AF2B-F4AE941F331F}.Release|Mixed Platforms.Build.0 = Release|Any CPU
		{82561624-445B-4711-AF2B-F4AE941F331F}.Release|x86.ActiveCfg = Release|Any CPU
		{82561624-445B-4711-AF2B-F4AE941F331F}.Release-Combine|Any CPU.ActiveCfg = Release|Any CPU
		{82561624-445B-4711-AF2B-F4AE941F331F}.Release-Combine|Any CPU.Build.0 = Release|Any CPU
		{82561624-445B-4711-AF2B-F4AE941F331F}.Release-Combine|Mixed Platforms.ActiveCfg = Release|Any CPU
		{82561624-445B-4711-AF2B-F4AE941F331F}.Release-Combine|Mixed Platforms.Build.0 = Release|Any CPU
		{82561624-445B-4711-AF2B-F4AE941F331F}.Release-Combine|x86.ActiveCfg = Release|Any CPU
		{9CCBDDF6-2608-48BB-9E71-B60B4758D4FF}.Debug|Any CPU.ActiveCfg = Debug|Any CPU
		{9CCBDDF6-2608-48BB-9E71-B60B4758D4FF}.Debug|Any CPU.Build.0 = Debug|Any CPU
		{9CCBDDF6-2608-48BB-9E71-B60B4758D4FF}.Debug|Mixed Platforms.ActiveCfg = Debug|Any CPU
		{9CCBDDF6-2608-48BB-9E71-B60B4758D4FF}.Debug|Mixed Platforms.Build.0 = Debug|Any CPU
		{9CCBDDF6-2608-48BB-9E71-B60B4758D4FF}.Debug|x86.ActiveCfg = Debug|Any CPU
		{9CCBDDF6-2608-48BB-9E71-B60B4758D4FF}.Release|Any CPU.ActiveCfg = Release|Any CPU
		{9CCBDDF6-2608-48BB-9E71-B60B4758D4FF}.Release|Any CPU.Build.0 = Release|Any CPU
		{9CCBDDF6-2608-48BB-9E71-B60B4758D4FF}.Release|Mixed Platforms.ActiveCfg = Release|Any CPU
		{9CCBDDF6-2608-48BB-9E71-B60B4758D4FF}.Release|Mixed Platforms.Build.0 = Release|Any CPU
		{9CCBDDF6-2608-48BB-9E71-B60B4758D4FF}.Release|x86.ActiveCfg = Release|Any CPU
		{9CCBDDF6-2608-48BB-9E71-B60B4758D4FF}.Release-Combine|Any CPU.ActiveCfg = Release|Any CPU
		{9CCBDDF6-2608-48BB-9E71-B60B4758D4FF}.Release-Combine|Any CPU.Build.0 = Release|Any CPU
		{9CCBDDF6-2608-48BB-9E71-B60B4758D4FF}.Release-Combine|Mixed Platforms.ActiveCfg = Release|Any CPU
		{9CCBDDF6-2608-48BB-9E71-B60B4758D4FF}.Release-Combine|Mixed Platforms.Build.0 = Release|Any CPU
		{9CCBDDF6-2608-48BB-9E71-B60B4758D4FF}.Release-Combine|x86.ActiveCfg = Release|Any CPU
		{02977B61-72D9-4490-962E-F5ECC419C8F1}.Debug|Any CPU.ActiveCfg = Debug|Any CPU
		{02977B61-72D9-4490-962E-F5ECC419C8F1}.Debug|Any CPU.Build.0 = Debug|Any CPU
		{02977B61-72D9-4490-962E-F5ECC419C8F1}.Debug|Mixed Platforms.ActiveCfg = Debug|Any CPU
		{02977B61-72D9-4490-962E-F5ECC419C8F1}.Debug|Mixed Platforms.Build.0 = Debug|Any CPU
		{02977B61-72D9-4490-962E-F5ECC419C8F1}.Debug|x86.ActiveCfg = Debug|Any CPU
		{02977B61-72D9-4490-962E-F5ECC419C8F1}.Release|Any CPU.ActiveCfg = Release|Any CPU
		{02977B61-72D9-4490-962E-F5ECC419C8F1}.Release|Any CPU.Build.0 = Release|Any CPU
		{02977B61-72D9-4490-962E-F5ECC419C8F1}.Release|Mixed Platforms.ActiveCfg = Release|Any CPU
		{02977B61-72D9-4490-962E-F5ECC419C8F1}.Release|Mixed Platforms.Build.0 = Release|Any CPU
		{02977B61-72D9-4490-962E-F5ECC419C8F1}.Release|x86.ActiveCfg = Release|Any CPU
		{02977B61-72D9-4490-962E-F5ECC419C8F1}.Release-Combine|Any CPU.ActiveCfg = Release|Any CPU
		{02977B61-72D9-4490-962E-F5ECC419C8F1}.Release-Combine|Any CPU.Build.0 = Release|Any CPU
		{02977B61-72D9-4490-962E-F5ECC419C8F1}.Release-Combine|Mixed Platforms.ActiveCfg = Release|Any CPU
		{02977B61-72D9-4490-962E-F5ECC419C8F1}.Release-Combine|Mixed Platforms.Build.0 = Release|Any CPU
		{02977B61-72D9-4490-962E-F5ECC419C8F1}.Release-Combine|x86.ActiveCfg = Release|Any CPU
		{DFD39E62-6F6E-414A-8446-2EAAC02093C5}.Debug|Any CPU.ActiveCfg = Debug|Any CPU
		{DFD39E62-6F6E-414A-8446-2EAAC02093C5}.Debug|Any CPU.Build.0 = Debug|Any CPU
		{DFD39E62-6F6E-414A-8446-2EAAC02093C5}.Debug|Mixed Platforms.ActiveCfg = Debug|Any CPU
		{DFD39E62-6F6E-414A-8446-2EAAC02093C5}.Debug|Mixed Platforms.Build.0 = Debug|Any CPU
		{DFD39E62-6F6E-414A-8446-2EAAC02093C5}.Debug|x86.ActiveCfg = Debug|Any CPU
		{DFD39E62-6F6E-414A-8446-2EAAC02093C5}.Release|Any CPU.ActiveCfg = Release|Any CPU
		{DFD39E62-6F6E-414A-8446-2EAAC02093C5}.Release|Any CPU.Build.0 = Release|Any CPU
		{DFD39E62-6F6E-414A-8446-2EAAC02093C5}.Release|Mixed Platforms.ActiveCfg = Release|Any CPU
		{DFD39E62-6F6E-414A-8446-2EAAC02093C5}.Release|Mixed Platforms.Build.0 = Release|Any CPU
		{DFD39E62-6F6E-414A-8446-2EAAC02093C5}.Release|x86.ActiveCfg = Release|Any CPU
		{DFD39E62-6F6E-414A-8446-2EAAC02093C5}.Release-Combine|Any CPU.ActiveCfg = Release|Any CPU
		{DFD39E62-6F6E-414A-8446-2EAAC02093C5}.Release-Combine|Any CPU.Build.0 = Release|Any CPU
		{DFD39E62-6F6E-414A-8446-2EAAC02093C5}.Release-Combine|Mixed Platforms.ActiveCfg = Release|Any CPU
		{DFD39E62-6F6E-414A-8446-2EAAC02093C5}.Release-Combine|Mixed Platforms.Build.0 = Release|Any CPU
		{DFD39E62-6F6E-414A-8446-2EAAC02093C5}.Release-Combine|x86.ActiveCfg = Release|Any CPU
		{E7759526-723D-47CD-B833-8AEB1424C287}.Debug|Any CPU.ActiveCfg = Debug|Any CPU
		{E7759526-723D-47CD-B833-8AEB1424C287}.Debug|Any CPU.Build.0 = Debug|Any CPU
		{E7759526-723D-47CD-B833-8AEB1424C287}.Debug|Mixed Platforms.ActiveCfg = Debug|Any CPU
		{E7759526-723D-47CD-B833-8AEB1424C287}.Debug|Mixed Platforms.Build.0 = Debug|Any CPU
		{E7759526-723D-47CD-B833-8AEB1424C287}.Debug|x86.ActiveCfg = Debug|Any CPU
		{E7759526-723D-47CD-B833-8AEB1424C287}.Release|Any CPU.ActiveCfg = Release|Any CPU
		{E7759526-723D-47CD-B833-8AEB1424C287}.Release|Any CPU.Build.0 = Release|Any CPU
		{E7759526-723D-47CD-B833-8AEB1424C287}.Release|Mixed Platforms.ActiveCfg = Release|Any CPU
		{E7759526-723D-47CD-B833-8AEB1424C287}.Release|Mixed Platforms.Build.0 = Release|Any CPU
		{E7759526-723D-47CD-B833-8AEB1424C287}.Release|x86.ActiveCfg = Release|Any CPU
		{E7759526-723D-47CD-B833-8AEB1424C287}.Release-Combine|Any CPU.ActiveCfg = Release|Any CPU
		{E7759526-723D-47CD-B833-8AEB1424C287}.Release-Combine|Any CPU.Build.0 = Release|Any CPU
		{E7759526-723D-47CD-B833-8AEB1424C287}.Release-Combine|Mixed Platforms.ActiveCfg = Release|Any CPU
		{E7759526-723D-47CD-B833-8AEB1424C287}.Release-Combine|Mixed Platforms.Build.0 = Release|Any CPU
		{E7759526-723D-47CD-B833-8AEB1424C287}.Release-Combine|x86.ActiveCfg = Release|Any CPU
		{19EC1128-E85D-4047-9FAF-7D2B5B8A0856}.Debug|Any CPU.ActiveCfg = Debug|Any CPU
		{19EC1128-E85D-4047-9FAF-7D2B5B8A0856}.Debug|Any CPU.Build.0 = Debug|Any CPU
		{19EC1128-E85D-4047-9FAF-7D2B5B8A0856}.Debug|Mixed Platforms.ActiveCfg = Debug|Any CPU
		{19EC1128-E85D-4047-9FAF-7D2B5B8A0856}.Debug|Mixed Platforms.Build.0 = Debug|Any CPU
		{19EC1128-E85D-4047-9FAF-7D2B5B8A0856}.Debug|x86.ActiveCfg = Debug|Any CPU
		{19EC1128-E85D-4047-9FAF-7D2B5B8A0856}.Release|Any CPU.ActiveCfg = Release|Any CPU
		{19EC1128-E85D-4047-9FAF-7D2B5B8A0856}.Release|Any CPU.Build.0 = Release|Any CPU
		{19EC1128-E85D-4047-9FAF-7D2B5B8A0856}.Release|Mixed Platforms.ActiveCfg = Release|Any CPU
		{19EC1128-E85D-4047-9FAF-7D2B5B8A0856}.Release|Mixed Platforms.Build.0 = Release|Any CPU
		{19EC1128-E85D-4047-9FAF-7D2B5B8A0856}.Release|x86.ActiveCfg = Release|Any CPU
		{19EC1128-E85D-4047-9FAF-7D2B5B8A0856}.Release-Combine|Any CPU.ActiveCfg = Release|Any CPU
		{19EC1128-E85D-4047-9FAF-7D2B5B8A0856}.Release-Combine|Any CPU.Build.0 = Release|Any CPU
		{19EC1128-E85D-4047-9FAF-7D2B5B8A0856}.Release-Combine|Mixed Platforms.ActiveCfg = Release|Any CPU
		{19EC1128-E85D-4047-9FAF-7D2B5B8A0856}.Release-Combine|Mixed Platforms.Build.0 = Release|Any CPU
		{19EC1128-E85D-4047-9FAF-7D2B5B8A0856}.Release-Combine|x86.ActiveCfg = Release|Any CPU
		{A59D53E1-5481-4826-9F97-5679A6A93C19}.Debug|Any CPU.ActiveCfg = Debug|Any CPU
		{A59D53E1-5481-4826-9F97-5679A6A93C19}.Debug|Any CPU.Build.0 = Debug|Any CPU
		{A59D53E1-5481-4826-9F97-5679A6A93C19}.Debug|Mixed Platforms.ActiveCfg = Debug|Any CPU
		{A59D53E1-5481-4826-9F97-5679A6A93C19}.Debug|Mixed Platforms.Build.0 = Debug|Any CPU
		{A59D53E1-5481-4826-9F97-5679A6A93C19}.Debug|x86.ActiveCfg = Debug|Any CPU
		{A59D53E1-5481-4826-9F97-5679A6A93C19}.Release|Any CPU.ActiveCfg = Release|Any CPU
		{A59D53E1-5481-4826-9F97-5679A6A93C19}.Release|Any CPU.Build.0 = Release|Any CPU
		{A59D53E1-5481-4826-9F97-5679A6A93C19}.Release|Mixed Platforms.ActiveCfg = Release|Any CPU
		{A59D53E1-5481-4826-9F97-5679A6A93C19}.Release|Mixed Platforms.Build.0 = Release|Any CPU
		{A59D53E1-5481-4826-9F97-5679A6A93C19}.Release|x86.ActiveCfg = Release|Any CPU
		{A59D53E1-5481-4826-9F97-5679A6A93C19}.Release-Combine|Any CPU.ActiveCfg = Release|Any CPU
		{A59D53E1-5481-4826-9F97-5679A6A93C19}.Release-Combine|Any CPU.Build.0 = Release|Any CPU
		{A59D53E1-5481-4826-9F97-5679A6A93C19}.Release-Combine|Mixed Platforms.ActiveCfg = Release|Any CPU
		{A59D53E1-5481-4826-9F97-5679A6A93C19}.Release-Combine|Mixed Platforms.Build.0 = Release|Any CPU
		{A59D53E1-5481-4826-9F97-5679A6A93C19}.Release-Combine|x86.ActiveCfg = Release|Any CPU
		{FA598FEB-CC94-40C8-B901-03E1356567DF}.Debug|Any CPU.ActiveCfg = Debug|Any CPU
		{FA598FEB-CC94-40C8-B901-03E1356567DF}.Debug|Any CPU.Build.0 = Debug|Any CPU
		{FA598FEB-CC94-40C8-B901-03E1356567DF}.Debug|Mixed Platforms.ActiveCfg = Debug|Any CPU
		{FA598FEB-CC94-40C8-B901-03E1356567DF}.Debug|Mixed Platforms.Build.0 = Debug|Any CPU
		{FA598FEB-CC94-40C8-B901-03E1356567DF}.Debug|x86.ActiveCfg = Debug|Any CPU
		{FA598FEB-CC94-40C8-B901-03E1356567DF}.Release|Any CPU.ActiveCfg = Release|Any CPU
		{FA598FEB-CC94-40C8-B901-03E1356567DF}.Release|Any CPU.Build.0 = Release|Any CPU
		{FA598FEB-CC94-40C8-B901-03E1356567DF}.Release|Mixed Platforms.ActiveCfg = Release|Any CPU
		{FA598FEB-CC94-40C8-B901-03E1356567DF}.Release|Mixed Platforms.Build.0 = Release|Any CPU
		{FA598FEB-CC94-40C8-B901-03E1356567DF}.Release|x86.ActiveCfg = Release|Any CPU
		{FA598FEB-CC94-40C8-B901-03E1356567DF}.Release-Combine|Any CPU.ActiveCfg = Release|Any CPU
		{FA598FEB-CC94-40C8-B901-03E1356567DF}.Release-Combine|Any CPU.Build.0 = Release|Any CPU
		{FA598FEB-CC94-40C8-B901-03E1356567DF}.Release-Combine|Mixed Platforms.ActiveCfg = Release|Any CPU
		{FA598FEB-CC94-40C8-B901-03E1356567DF}.Release-Combine|Mixed Platforms.Build.0 = Release|Any CPU
		{FA598FEB-CC94-40C8-B901-03E1356567DF}.Release-Combine|x86.ActiveCfg = Release|Any CPU
		{B0803286-89DF-4D3E-9884-58D6AC2C6B45}.Debug|Any CPU.ActiveCfg = Debug|Any CPU
		{B0803286-89DF-4D3E-9884-58D6AC2C6B45}.Debug|Any CPU.Build.0 = Debug|Any CPU
		{B0803286-89DF-4D3E-9884-58D6AC2C6B45}.Debug|Mixed Platforms.ActiveCfg = Debug|Any CPU
		{B0803286-89DF-4D3E-9884-58D6AC2C6B45}.Debug|Mixed Platforms.Build.0 = Debug|Any CPU
		{B0803286-89DF-4D3E-9884-58D6AC2C6B45}.Debug|x86.ActiveCfg = Debug|Any CPU
		{B0803286-89DF-4D3E-9884-58D6AC2C6B45}.Release|Any CPU.ActiveCfg = Release|Any CPU
		{B0803286-89DF-4D3E-9884-58D6AC2C6B45}.Release|Any CPU.Build.0 = Release|Any CPU
		{B0803286-89DF-4D3E-9884-58D6AC2C6B45}.Release|Mixed Platforms.ActiveCfg = Release|Any CPU
		{B0803286-89DF-4D3E-9884-58D6AC2C6B45}.Release|Mixed Platforms.Build.0 = Release|Any CPU
		{B0803286-89DF-4D3E-9884-58D6AC2C6B45}.Release|x86.ActiveCfg = Release|Any CPU
		{B0803286-89DF-4D3E-9884-58D6AC2C6B45}.Release-Combine|Any CPU.ActiveCfg = Release|Any CPU
		{B0803286-89DF-4D3E-9884-58D6AC2C6B45}.Release-Combine|Any CPU.Build.0 = Release|Any CPU
		{B0803286-89DF-4D3E-9884-58D6AC2C6B45}.Release-Combine|Mixed Platforms.ActiveCfg = Release|Any CPU
		{B0803286-89DF-4D3E-9884-58D6AC2C6B45}.Release-Combine|Mixed Platforms.Build.0 = Release|Any CPU
		{B0803286-89DF-4D3E-9884-58D6AC2C6B45}.Release-Combine|x86.ActiveCfg = Release|Any CPU
		{BC4C586D-C645-4960-9353-24C3BA6707FD}.Debug|Any CPU.ActiveCfg = Debug|Any CPU
		{BC4C586D-C645-4960-9353-24C3BA6707FD}.Debug|Any CPU.Build.0 = Debug|Any CPU
		{BC4C586D-C645-4960-9353-24C3BA6707FD}.Debug|Mixed Platforms.ActiveCfg = Debug|Any CPU
		{BC4C586D-C645-4960-9353-24C3BA6707FD}.Debug|Mixed Platforms.Build.0 = Debug|Any CPU
		{BC4C586D-C645-4960-9353-24C3BA6707FD}.Debug|x86.ActiveCfg = Debug|Any CPU
		{BC4C586D-C645-4960-9353-24C3BA6707FD}.Release|Any CPU.ActiveCfg = Release|Any CPU
		{BC4C586D-C645-4960-9353-24C3BA6707FD}.Release|Any CPU.Build.0 = Release|Any CPU
		{BC4C586D-C645-4960-9353-24C3BA6707FD}.Release|Mixed Platforms.ActiveCfg = Release|Any CPU
		{BC4C586D-C645-4960-9353-24C3BA6707FD}.Release|Mixed Platforms.Build.0 = Release|Any CPU
		{BC4C586D-C645-4960-9353-24C3BA6707FD}.Release|x86.ActiveCfg = Release|Any CPU
		{BC4C586D-C645-4960-9353-24C3BA6707FD}.Release-Combine|Any CPU.ActiveCfg = Release|Any CPU
		{BC4C586D-C645-4960-9353-24C3BA6707FD}.Release-Combine|Any CPU.Build.0 = Release|Any CPU
		{BC4C586D-C645-4960-9353-24C3BA6707FD}.Release-Combine|Mixed Platforms.ActiveCfg = Release|Any CPU
		{BC4C586D-C645-4960-9353-24C3BA6707FD}.Release-Combine|Mixed Platforms.Build.0 = Release|Any CPU
		{BC4C586D-C645-4960-9353-24C3BA6707FD}.Release-Combine|x86.ActiveCfg = Release|Any CPU
		{F9EA6889-691B-4898-BC6E-7184F5DBAF9E}.Debug|Any CPU.ActiveCfg = Debug|Any CPU
		{F9EA6889-691B-4898-BC6E-7184F5DBAF9E}.Debug|Any CPU.Build.0 = Debug|Any CPU
		{F9EA6889-691B-4898-BC6E-7184F5DBAF9E}.Debug|Mixed Platforms.ActiveCfg = Debug|Any CPU
		{F9EA6889-691B-4898-BC6E-7184F5DBAF9E}.Debug|Mixed Platforms.Build.0 = Debug|Any CPU
		{F9EA6889-691B-4898-BC6E-7184F5DBAF9E}.Debug|x86.ActiveCfg = Debug|Any CPU
		{F9EA6889-691B-4898-BC6E-7184F5DBAF9E}.Release|Any CPU.ActiveCfg = Release|Any CPU
		{F9EA6889-691B-4898-BC6E-7184F5DBAF9E}.Release|Any CPU.Build.0 = Release|Any CPU
		{F9EA6889-691B-4898-BC6E-7184F5DBAF9E}.Release|Mixed Platforms.ActiveCfg = Release|Any CPU
		{F9EA6889-691B-4898-BC6E-7184F5DBAF9E}.Release|Mixed Platforms.Build.0 = Release|Any CPU
		{F9EA6889-691B-4898-BC6E-7184F5DBAF9E}.Release|x86.ActiveCfg = Release|Any CPU
		{F9EA6889-691B-4898-BC6E-7184F5DBAF9E}.Release-Combine|Any CPU.ActiveCfg = Release|Any CPU
		{F9EA6889-691B-4898-BC6E-7184F5DBAF9E}.Release-Combine|Any CPU.Build.0 = Release|Any CPU
		{F9EA6889-691B-4898-BC6E-7184F5DBAF9E}.Release-Combine|Mixed Platforms.ActiveCfg = Release|Any CPU
		{F9EA6889-691B-4898-BC6E-7184F5DBAF9E}.Release-Combine|Mixed Platforms.Build.0 = Release|Any CPU
		{F9EA6889-691B-4898-BC6E-7184F5DBAF9E}.Release-Combine|x86.ActiveCfg = Release|Any CPU
		{A1D6B07F-755C-4F0E-9CD1-20F683AF37E2}.Debug|Any CPU.ActiveCfg = Debug|Any CPU
		{A1D6B07F-755C-4F0E-9CD1-20F683AF37E2}.Debug|Any CPU.Build.0 = Debug|Any CPU
		{A1D6B07F-755C-4F0E-9CD1-20F683AF37E2}.Debug|Mixed Platforms.ActiveCfg = Debug|Any CPU
		{A1D6B07F-755C-4F0E-9CD1-20F683AF37E2}.Debug|Mixed Platforms.Build.0 = Debug|Any CPU
		{A1D6B07F-755C-4F0E-9CD1-20F683AF37E2}.Debug|x86.ActiveCfg = Debug|Any CPU
		{A1D6B07F-755C-4F0E-9CD1-20F683AF37E2}.Release|Any CPU.ActiveCfg = Release|Any CPU
		{A1D6B07F-755C-4F0E-9CD1-20F683AF37E2}.Release|Any CPU.Build.0 = Release|Any CPU
		{A1D6B07F-755C-4F0E-9CD1-20F683AF37E2}.Release|Mixed Platforms.ActiveCfg = Release|Any CPU
		{A1D6B07F-755C-4F0E-9CD1-20F683AF37E2}.Release|Mixed Platforms.Build.0 = Release|Any CPU
		{A1D6B07F-755C-4F0E-9CD1-20F683AF37E2}.Release|x86.ActiveCfg = Release|Any CPU
		{A1D6B07F-755C-4F0E-9CD1-20F683AF37E2}.Release-Combine|Any CPU.ActiveCfg = Release|Any CPU
		{A1D6B07F-755C-4F0E-9CD1-20F683AF37E2}.Release-Combine|Any CPU.Build.0 = Release|Any CPU
		{A1D6B07F-755C-4F0E-9CD1-20F683AF37E2}.Release-Combine|Mixed Platforms.ActiveCfg = Release|Any CPU
		{A1D6B07F-755C-4F0E-9CD1-20F683AF37E2}.Release-Combine|Mixed Platforms.Build.0 = Release|Any CPU
		{A1D6B07F-755C-4F0E-9CD1-20F683AF37E2}.Release-Combine|x86.ActiveCfg = Release|Any CPU
		{505C8B29-8966-4A1A-8271-9EB733C1E27A}.Debug|Any CPU.ActiveCfg = Debug|Any CPU
		{505C8B29-8966-4A1A-8271-9EB733C1E27A}.Debug|Any CPU.Build.0 = Debug|Any CPU
		{505C8B29-8966-4A1A-8271-9EB733C1E27A}.Debug|Mixed Platforms.ActiveCfg = Debug|Any CPU
		{505C8B29-8966-4A1A-8271-9EB733C1E27A}.Debug|Mixed Platforms.Build.0 = Debug|Any CPU
		{505C8B29-8966-4A1A-8271-9EB733C1E27A}.Debug|x86.ActiveCfg = Debug|Any CPU
		{505C8B29-8966-4A1A-8271-9EB733C1E27A}.Release|Any CPU.ActiveCfg = Release|Any CPU
		{505C8B29-8966-4A1A-8271-9EB733C1E27A}.Release|Any CPU.Build.0 = Release|Any CPU
		{505C8B29-8966-4A1A-8271-9EB733C1E27A}.Release|Mixed Platforms.ActiveCfg = Release|Any CPU
		{505C8B29-8966-4A1A-8271-9EB733C1E27A}.Release|x86.ActiveCfg = Release|Any CPU
		{505C8B29-8966-4A1A-8271-9EB733C1E27A}.Release-Combine|Any CPU.ActiveCfg = Release|Any CPU
		{505C8B29-8966-4A1A-8271-9EB733C1E27A}.Release-Combine|Any CPU.Build.0 = Release|Any CPU
		{505C8B29-8966-4A1A-8271-9EB733C1E27A}.Release-Combine|Mixed Platforms.ActiveCfg = Release|Any CPU
		{505C8B29-8966-4A1A-8271-9EB733C1E27A}.Release-Combine|Mixed Platforms.Build.0 = Release|Any CPU
		{505C8B29-8966-4A1A-8271-9EB733C1E27A}.Release-Combine|x86.ActiveCfg = Release|Any CPU
		{A617941A-A751-45C6-AF9A-F9C637B88A77}.Debug|Any CPU.ActiveCfg = Debug|Any CPU
		{A617941A-A751-45C6-AF9A-F9C637B88A77}.Debug|Any CPU.Build.0 = Debug|Any CPU
		{A617941A-A751-45C6-AF9A-F9C637B88A77}.Debug|Mixed Platforms.ActiveCfg = Debug|Any CPU
		{A617941A-A751-45C6-AF9A-F9C637B88A77}.Debug|Mixed Platforms.Build.0 = Debug|Any CPU
		{A617941A-A751-45C6-AF9A-F9C637B88A77}.Debug|x86.ActiveCfg = Debug|Any CPU
		{A617941A-A751-45C6-AF9A-F9C637B88A77}.Release|Any CPU.ActiveCfg = Release|Any CPU
		{A617941A-A751-45C6-AF9A-F9C637B88A77}.Release|Any CPU.Build.0 = Release|Any CPU
		{A617941A-A751-45C6-AF9A-F9C637B88A77}.Release|Mixed Platforms.ActiveCfg = Release|Any CPU
		{A617941A-A751-45C6-AF9A-F9C637B88A77}.Release|Mixed Platforms.Build.0 = Release|Any CPU
		{A617941A-A751-45C6-AF9A-F9C637B88A77}.Release|x86.ActiveCfg = Release|Any CPU
		{A617941A-A751-45C6-AF9A-F9C637B88A77}.Release-Combine|Any CPU.ActiveCfg = Release|Any CPU
		{A617941A-A751-45C6-AF9A-F9C637B88A77}.Release-Combine|Any CPU.Build.0 = Release|Any CPU
		{A617941A-A751-45C6-AF9A-F9C637B88A77}.Release-Combine|Mixed Platforms.ActiveCfg = Release|Any CPU
		{A617941A-A751-45C6-AF9A-F9C637B88A77}.Release-Combine|Mixed Platforms.Build.0 = Release|Any CPU
		{A617941A-A751-45C6-AF9A-F9C637B88A77}.Release-Combine|x86.ActiveCfg = Release|Any CPU
		{BB19FF08-6B55-4B16-8172-291FF363D439}.Debug|Any CPU.ActiveCfg = Debug|Any CPU
		{BB19FF08-6B55-4B16-8172-291FF363D439}.Debug|Any CPU.Build.0 = Debug|Any CPU
		{BB19FF08-6B55-4B16-8172-291FF363D439}.Debug|Mixed Platforms.ActiveCfg = Debug|Any CPU
		{BB19FF08-6B55-4B16-8172-291FF363D439}.Debug|Mixed Platforms.Build.0 = Debug|Any CPU
		{BB19FF08-6B55-4B16-8172-291FF363D439}.Debug|x86.ActiveCfg = Debug|Any CPU
		{BB19FF08-6B55-4B16-8172-291FF363D439}.Release|Any CPU.ActiveCfg = Release|Any CPU
		{BB19FF08-6B55-4B16-8172-291FF363D439}.Release|Any CPU.Build.0 = Release|Any CPU
		{BB19FF08-6B55-4B16-8172-291FF363D439}.Release|Mixed Platforms.ActiveCfg = Release|Any CPU
		{BB19FF08-6B55-4B16-8172-291FF363D439}.Release|Mixed Platforms.Build.0 = Release|Any CPU
		{BB19FF08-6B55-4B16-8172-291FF363D439}.Release|x86.ActiveCfg = Release|Any CPU
		{BB19FF08-6B55-4B16-8172-291FF363D439}.Release-Combine|Any CPU.ActiveCfg = Release|Any CPU
		{BB19FF08-6B55-4B16-8172-291FF363D439}.Release-Combine|Any CPU.Build.0 = Release|Any CPU
		{BB19FF08-6B55-4B16-8172-291FF363D439}.Release-Combine|Mixed Platforms.ActiveCfg = Release|Any CPU
		{BB19FF08-6B55-4B16-8172-291FF363D439}.Release-Combine|Mixed Platforms.Build.0 = Release|Any CPU
		{BB19FF08-6B55-4B16-8172-291FF363D439}.Release-Combine|x86.ActiveCfg = Release|Any CPU
		{0CB4A3B1-8CD9-414D-AD1A-F5163495B22E}.Debug|Any CPU.ActiveCfg = Debug|Any CPU
		{0CB4A3B1-8CD9-414D-AD1A-F5163495B22E}.Debug|Any CPU.Build.0 = Debug|Any CPU
		{0CB4A3B1-8CD9-414D-AD1A-F5163495B22E}.Debug|Mixed Platforms.ActiveCfg = Debug|Any CPU
		{0CB4A3B1-8CD9-414D-AD1A-F5163495B22E}.Debug|Mixed Platforms.Build.0 = Debug|Any CPU
		{0CB4A3B1-8CD9-414D-AD1A-F5163495B22E}.Debug|x86.ActiveCfg = Debug|Any CPU
		{0CB4A3B1-8CD9-414D-AD1A-F5163495B22E}.Release|Any CPU.ActiveCfg = Release|Any CPU
		{0CB4A3B1-8CD9-414D-AD1A-F5163495B22E}.Release|Any CPU.Build.0 = Release|Any CPU
		{0CB4A3B1-8CD9-414D-AD1A-F5163495B22E}.Release|Mixed Platforms.ActiveCfg = Release|Any CPU
		{0CB4A3B1-8CD9-414D-AD1A-F5163495B22E}.Release|Mixed Platforms.Build.0 = Release|Any CPU
		{0CB4A3B1-8CD9-414D-AD1A-F5163495B22E}.Release|x86.ActiveCfg = Release|Any CPU
		{0CB4A3B1-8CD9-414D-AD1A-F5163495B22E}.Release-Combine|Any CPU.ActiveCfg = Release|Any CPU
		{0CB4A3B1-8CD9-414D-AD1A-F5163495B22E}.Release-Combine|Any CPU.Build.0 = Release|Any CPU
		{0CB4A3B1-8CD9-414D-AD1A-F5163495B22E}.Release-Combine|Mixed Platforms.ActiveCfg = Release|Any CPU
		{0CB4A3B1-8CD9-414D-AD1A-F5163495B22E}.Release-Combine|Mixed Platforms.Build.0 = Release|Any CPU
		{0CB4A3B1-8CD9-414D-AD1A-F5163495B22E}.Release-Combine|x86.ActiveCfg = Release|Any CPU
		{96D9F6CA-8D35-4363-95FE-2129A7C88992}.Debug|Any CPU.ActiveCfg = Debug|Any CPU
		{96D9F6CA-8D35-4363-95FE-2129A7C88992}.Debug|Any CPU.Build.0 = Debug|Any CPU
		{96D9F6CA-8D35-4363-95FE-2129A7C88992}.Debug|Mixed Platforms.ActiveCfg = Debug|Any CPU
		{96D9F6CA-8D35-4363-95FE-2129A7C88992}.Debug|Mixed Platforms.Build.0 = Debug|Any CPU
		{96D9F6CA-8D35-4363-95FE-2129A7C88992}.Debug|x86.ActiveCfg = Debug|Any CPU
		{96D9F6CA-8D35-4363-95FE-2129A7C88992}.Release|Any CPU.ActiveCfg = Release|Any CPU
		{96D9F6CA-8D35-4363-95FE-2129A7C88992}.Release|Any CPU.Build.0 = Release|Any CPU
		{96D9F6CA-8D35-4363-95FE-2129A7C88992}.Release|Mixed Platforms.ActiveCfg = Release|Any CPU
		{96D9F6CA-8D35-4363-95FE-2129A7C88992}.Release|Mixed Platforms.Build.0 = Release|Any CPU
		{96D9F6CA-8D35-4363-95FE-2129A7C88992}.Release|x86.ActiveCfg = Release|Any CPU
		{96D9F6CA-8D35-4363-95FE-2129A7C88992}.Release-Combine|Any CPU.ActiveCfg = Release|Any CPU
		{96D9F6CA-8D35-4363-95FE-2129A7C88992}.Release-Combine|Any CPU.Build.0 = Release|Any CPU
		{96D9F6CA-8D35-4363-95FE-2129A7C88992}.Release-Combine|Mixed Platforms.ActiveCfg = Release|Any CPU
		{96D9F6CA-8D35-4363-95FE-2129A7C88992}.Release-Combine|Mixed Platforms.Build.0 = Release|Any CPU
		{96D9F6CA-8D35-4363-95FE-2129A7C88992}.Release-Combine|x86.ActiveCfg = Release|Any CPU
		{04DB8AE8-077D-4569-8473-9732884EBCAE}.Debug|Any CPU.ActiveCfg = Debug|Any CPU
		{04DB8AE8-077D-4569-8473-9732884EBCAE}.Debug|Any CPU.Build.0 = Debug|Any CPU
		{04DB8AE8-077D-4569-8473-9732884EBCAE}.Debug|Mixed Platforms.ActiveCfg = Debug|Any CPU
		{04DB8AE8-077D-4569-8473-9732884EBCAE}.Debug|Mixed Platforms.Build.0 = Debug|Any CPU
		{04DB8AE8-077D-4569-8473-9732884EBCAE}.Debug|x86.ActiveCfg = Debug|Any CPU
		{04DB8AE8-077D-4569-8473-9732884EBCAE}.Release|Any CPU.ActiveCfg = Release|Any CPU
		{04DB8AE8-077D-4569-8473-9732884EBCAE}.Release|Any CPU.Build.0 = Release|Any CPU
		{04DB8AE8-077D-4569-8473-9732884EBCAE}.Release|Mixed Platforms.ActiveCfg = Release|Any CPU
		{04DB8AE8-077D-4569-8473-9732884EBCAE}.Release|Mixed Platforms.Build.0 = Release|Any CPU
		{04DB8AE8-077D-4569-8473-9732884EBCAE}.Release|x86.ActiveCfg = Release|Any CPU
		{04DB8AE8-077D-4569-8473-9732884EBCAE}.Release-Combine|Any CPU.ActiveCfg = Release|Any CPU
		{04DB8AE8-077D-4569-8473-9732884EBCAE}.Release-Combine|Any CPU.Build.0 = Release|Any CPU
		{04DB8AE8-077D-4569-8473-9732884EBCAE}.Release-Combine|Mixed Platforms.ActiveCfg = Release|Any CPU
		{04DB8AE8-077D-4569-8473-9732884EBCAE}.Release-Combine|Mixed Platforms.Build.0 = Release|Any CPU
		{04DB8AE8-077D-4569-8473-9732884EBCAE}.Release-Combine|x86.ActiveCfg = Release|Any CPU
		{BD82823D-9C26-4B91-B4AB-7EA75B14FD1D}.Debug|Any CPU.ActiveCfg = Debug|Any CPU
		{BD82823D-9C26-4B91-B4AB-7EA75B14FD1D}.Debug|Any CPU.Build.0 = Debug|Any CPU
		{BD82823D-9C26-4B91-B4AB-7EA75B14FD1D}.Debug|Mixed Platforms.ActiveCfg = Debug|Any CPU
		{BD82823D-9C26-4B91-B4AB-7EA75B14FD1D}.Debug|Mixed Platforms.Build.0 = Debug|Any CPU
		{BD82823D-9C26-4B91-B4AB-7EA75B14FD1D}.Debug|x86.ActiveCfg = Debug|Any CPU
		{BD82823D-9C26-4B91-B4AB-7EA75B14FD1D}.Release|Any CPU.ActiveCfg = Release|Any CPU
		{BD82823D-9C26-4B91-B4AB-7EA75B14FD1D}.Release|Any CPU.Build.0 = Release|Any CPU
		{BD82823D-9C26-4B91-B4AB-7EA75B14FD1D}.Release|Mixed Platforms.ActiveCfg = Release|Any CPU
		{BD82823D-9C26-4B91-B4AB-7EA75B14FD1D}.Release|Mixed Platforms.Build.0 = Release|Any CPU
		{BD82823D-9C26-4B91-B4AB-7EA75B14FD1D}.Release|x86.ActiveCfg = Release|Any CPU
		{BD82823D-9C26-4B91-B4AB-7EA75B14FD1D}.Release-Combine|Any CPU.ActiveCfg = Release|Any CPU
		{BD82823D-9C26-4B91-B4AB-7EA75B14FD1D}.Release-Combine|Any CPU.Build.0 = Release|Any CPU
		{BD82823D-9C26-4B91-B4AB-7EA75B14FD1D}.Release-Combine|Mixed Platforms.ActiveCfg = Release|Any CPU
		{BD82823D-9C26-4B91-B4AB-7EA75B14FD1D}.Release-Combine|Mixed Platforms.Build.0 = Release|Any CPU
		{BD82823D-9C26-4B91-B4AB-7EA75B14FD1D}.Release-Combine|x86.ActiveCfg = Release|Any CPU
		{6E6AD9A2-F8D2-44EB-8174-9C6272536499}.Debug|Any CPU.ActiveCfg = Debug|x86
		{6E6AD9A2-F8D2-44EB-8174-9C6272536499}.Debug|Mixed Platforms.ActiveCfg = Debug|x86
		{6E6AD9A2-F8D2-44EB-8174-9C6272536499}.Debug|Mixed Platforms.Build.0 = Debug|x86
		{6E6AD9A2-F8D2-44EB-8174-9C6272536499}.Debug|x86.ActiveCfg = Debug|x86
		{6E6AD9A2-F8D2-44EB-8174-9C6272536499}.Debug|x86.Build.0 = Debug|x86
		{6E6AD9A2-F8D2-44EB-8174-9C6272536499}.Release|Any CPU.ActiveCfg = Release|x86
		{6E6AD9A2-F8D2-44EB-8174-9C6272536499}.Release|Mixed Platforms.ActiveCfg = Release|x86
		{6E6AD9A2-F8D2-44EB-8174-9C6272536499}.Release|Mixed Platforms.Build.0 = Release|x86
		{6E6AD9A2-F8D2-44EB-8174-9C6272536499}.Release|x86.ActiveCfg = Release|x86
		{6E6AD9A2-F8D2-44EB-8174-9C6272536499}.Release|x86.Build.0 = Release|x86
		{6E6AD9A2-F8D2-44EB-8174-9C6272536499}.Release-Combine|Any CPU.ActiveCfg = Release|x86
		{6E6AD9A2-F8D2-44EB-8174-9C6272536499}.Release-Combine|Mixed Platforms.ActiveCfg = Release|x86
		{6E6AD9A2-F8D2-44EB-8174-9C6272536499}.Release-Combine|Mixed Platforms.Build.0 = Release|x86
		{6E6AD9A2-F8D2-44EB-8174-9C6272536499}.Release-Combine|x86.ActiveCfg = Release|x86
		{6E6AD9A2-F8D2-44EB-8174-9C6272536499}.Release-Combine|x86.Build.0 = Release|x86
		{B052B773-5129-4C2F-B66D-92063BF52DD1}.Debug|Any CPU.ActiveCfg = Debug|Any CPU
		{B052B773-5129-4C2F-B66D-92063BF52DD1}.Debug|Any CPU.Build.0 = Debug|Any CPU
		{B052B773-5129-4C2F-B66D-92063BF52DD1}.Debug|Mixed Platforms.ActiveCfg = Debug|Any CPU
		{B052B773-5129-4C2F-B66D-92063BF52DD1}.Debug|Mixed Platforms.Build.0 = Debug|Any CPU
		{B052B773-5129-4C2F-B66D-92063BF52DD1}.Debug|x86.ActiveCfg = Debug|Any CPU
		{B052B773-5129-4C2F-B66D-92063BF52DD1}.Release|Any CPU.ActiveCfg = Release|Any CPU
		{B052B773-5129-4C2F-B66D-92063BF52DD1}.Release|Any CPU.Build.0 = Release|Any CPU
		{B052B773-5129-4C2F-B66D-92063BF52DD1}.Release|Mixed Platforms.ActiveCfg = Release|Any CPU
		{B052B773-5129-4C2F-B66D-92063BF52DD1}.Release|Mixed Platforms.Build.0 = Release|Any CPU
		{B052B773-5129-4C2F-B66D-92063BF52DD1}.Release|x86.ActiveCfg = Release|Any CPU
		{B052B773-5129-4C2F-B66D-92063BF52DD1}.Release-Combine|Any CPU.ActiveCfg = Release|Any CPU
		{B052B773-5129-4C2F-B66D-92063BF52DD1}.Release-Combine|Any CPU.Build.0 = Release|Any CPU
		{B052B773-5129-4C2F-B66D-92063BF52DD1}.Release-Combine|Mixed Platforms.ActiveCfg = Release|Any CPU
		{B052B773-5129-4C2F-B66D-92063BF52DD1}.Release-Combine|Mixed Platforms.Build.0 = Release|Any CPU
		{B052B773-5129-4C2F-B66D-92063BF52DD1}.Release-Combine|x86.ActiveCfg = Release|Any CPU
		{56CB9912-4CE8-4370-8B21-5EEEF2123E9E}.Debug|Any CPU.ActiveCfg = Debug|Any CPU
		{56CB9912-4CE8-4370-8B21-5EEEF2123E9E}.Debug|Any CPU.Build.0 = Debug|Any CPU
		{56CB9912-4CE8-4370-8B21-5EEEF2123E9E}.Debug|Mixed Platforms.ActiveCfg = Debug|Any CPU
		{56CB9912-4CE8-4370-8B21-5EEEF2123E9E}.Debug|Mixed Platforms.Build.0 = Debug|Any CPU
		{56CB9912-4CE8-4370-8B21-5EEEF2123E9E}.Debug|x86.ActiveCfg = Debug|Any CPU
		{56CB9912-4CE8-4370-8B21-5EEEF2123E9E}.Debug|x86.Build.0 = Debug|Any CPU
		{56CB9912-4CE8-4370-8B21-5EEEF2123E9E}.Release|Any CPU.ActiveCfg = Release|Any CPU
		{56CB9912-4CE8-4370-8B21-5EEEF2123E9E}.Release|Any CPU.Build.0 = Release|Any CPU
		{56CB9912-4CE8-4370-8B21-5EEEF2123E9E}.Release|Mixed Platforms.ActiveCfg = Release|Any CPU
		{56CB9912-4CE8-4370-8B21-5EEEF2123E9E}.Release|Mixed Platforms.Build.0 = Release|Any CPU
		{56CB9912-4CE8-4370-8B21-5EEEF2123E9E}.Release|x86.ActiveCfg = Release|Any CPU
		{56CB9912-4CE8-4370-8B21-5EEEF2123E9E}.Release|x86.Build.0 = Release|Any CPU
		{56CB9912-4CE8-4370-8B21-5EEEF2123E9E}.Release-Combine|Any CPU.ActiveCfg = Debug|Any CPU
		{56CB9912-4CE8-4370-8B21-5EEEF2123E9E}.Release-Combine|Any CPU.Build.0 = Debug|Any CPU
		{56CB9912-4CE8-4370-8B21-5EEEF2123E9E}.Release-Combine|Mixed Platforms.ActiveCfg = Debug|Any CPU
		{56CB9912-4CE8-4370-8B21-5EEEF2123E9E}.Release-Combine|Mixed Platforms.Build.0 = Debug|Any CPU
		{56CB9912-4CE8-4370-8B21-5EEEF2123E9E}.Release-Combine|x86.ActiveCfg = Debug|Any CPU
		{56CB9912-4CE8-4370-8B21-5EEEF2123E9E}.Release-Combine|x86.Build.0 = Debug|Any CPU
		{146499B2-113A-4BCB-B30C-860F8F1153A6}.Debug|Any CPU.ActiveCfg = Debug|Any CPU
		{146499B2-113A-4BCB-B30C-860F8F1153A6}.Debug|Any CPU.Build.0 = Debug|Any CPU
		{146499B2-113A-4BCB-B30C-860F8F1153A6}.Debug|Mixed Platforms.ActiveCfg = Debug|Any CPU
		{146499B2-113A-4BCB-B30C-860F8F1153A6}.Debug|Mixed Platforms.Build.0 = Debug|Any CPU
		{146499B2-113A-4BCB-B30C-860F8F1153A6}.Debug|x86.ActiveCfg = Debug|Any CPU
		{146499B2-113A-4BCB-B30C-860F8F1153A6}.Debug|x86.Build.0 = Debug|Any CPU
		{146499B2-113A-4BCB-B30C-860F8F1153A6}.Release|Any CPU.ActiveCfg = Release|Any CPU
		{146499B2-113A-4BCB-B30C-860F8F1153A6}.Release|Any CPU.Build.0 = Release|Any CPU
		{146499B2-113A-4BCB-B30C-860F8F1153A6}.Release|Mixed Platforms.ActiveCfg = Release|Any CPU
		{146499B2-113A-4BCB-B30C-860F8F1153A6}.Release|Mixed Platforms.Build.0 = Release|Any CPU
		{146499B2-113A-4BCB-B30C-860F8F1153A6}.Release|x86.ActiveCfg = Release|Any CPU
		{146499B2-113A-4BCB-B30C-860F8F1153A6}.Release|x86.Build.0 = Release|Any CPU
		{146499B2-113A-4BCB-B30C-860F8F1153A6}.Release-Combine|Any CPU.ActiveCfg = Release|Any CPU
		{146499B2-113A-4BCB-B30C-860F8F1153A6}.Release-Combine|Any CPU.Build.0 = Release|Any CPU
		{146499B2-113A-4BCB-B30C-860F8F1153A6}.Release-Combine|Mixed Platforms.ActiveCfg = Release|Any CPU
		{146499B2-113A-4BCB-B30C-860F8F1153A6}.Release-Combine|Mixed Platforms.Build.0 = Release|Any CPU
		{146499B2-113A-4BCB-B30C-860F8F1153A6}.Release-Combine|x86.ActiveCfg = Release|Any CPU
		{146499B2-113A-4BCB-B30C-860F8F1153A6}.Release-Combine|x86.Build.0 = Release|Any CPU
		{A4B3519A-940E-4A68-A405-D5F4F39AF5A2}.Debug|Any CPU.ActiveCfg = Debug|Any CPU
		{A4B3519A-940E-4A68-A405-D5F4F39AF5A2}.Debug|Any CPU.Build.0 = Debug|Any CPU
		{A4B3519A-940E-4A68-A405-D5F4F39AF5A2}.Debug|Mixed Platforms.ActiveCfg = Debug|Any CPU
		{A4B3519A-940E-4A68-A405-D5F4F39AF5A2}.Debug|Mixed Platforms.Build.0 = Debug|Any CPU
		{A4B3519A-940E-4A68-A405-D5F4F39AF5A2}.Debug|x86.ActiveCfg = Debug|Any CPU
		{A4B3519A-940E-4A68-A405-D5F4F39AF5A2}.Debug|x86.Build.0 = Debug|Any CPU
		{A4B3519A-940E-4A68-A405-D5F4F39AF5A2}.Release|Any CPU.ActiveCfg = Release|Any CPU
		{A4B3519A-940E-4A68-A405-D5F4F39AF5A2}.Release|Any CPU.Build.0 = Release|Any CPU
		{A4B3519A-940E-4A68-A405-D5F4F39AF5A2}.Release|Mixed Platforms.ActiveCfg = Release|Any CPU
		{A4B3519A-940E-4A68-A405-D5F4F39AF5A2}.Release|Mixed Platforms.Build.0 = Release|Any CPU
		{A4B3519A-940E-4A68-A405-D5F4F39AF5A2}.Release|x86.ActiveCfg = Release|Any CPU
		{A4B3519A-940E-4A68-A405-D5F4F39AF5A2}.Release|x86.Build.0 = Release|Any CPU
		{A4B3519A-940E-4A68-A405-D5F4F39AF5A2}.Release-Combine|Any CPU.ActiveCfg = Release|Any CPU
		{A4B3519A-940E-4A68-A405-D5F4F39AF5A2}.Release-Combine|Any CPU.Build.0 = Release|Any CPU
		{A4B3519A-940E-4A68-A405-D5F4F39AF5A2}.Release-Combine|Mixed Platforms.ActiveCfg = Release|Any CPU
		{A4B3519A-940E-4A68-A405-D5F4F39AF5A2}.Release-Combine|Mixed Platforms.Build.0 = Release|Any CPU
		{A4B3519A-940E-4A68-A405-D5F4F39AF5A2}.Release-Combine|x86.ActiveCfg = Release|Any CPU
		{A4B3519A-940E-4A68-A405-D5F4F39AF5A2}.Release-Combine|x86.Build.0 = Release|Any CPU
		{632A1460-BB77-4DE8-A699-E828BD0B0864}.Debug|Any CPU.ActiveCfg = Debug|Any CPU
		{632A1460-BB77-4DE8-A699-E828BD0B0864}.Debug|Any CPU.Build.0 = Debug|Any CPU
		{632A1460-BB77-4DE8-A699-E828BD0B0864}.Debug|Mixed Platforms.ActiveCfg = Debug|Any CPU
		{632A1460-BB77-4DE8-A699-E828BD0B0864}.Debug|Mixed Platforms.Build.0 = Debug|Any CPU
		{632A1460-BB77-4DE8-A699-E828BD0B0864}.Debug|x86.ActiveCfg = Debug|Any CPU
		{632A1460-BB77-4DE8-A699-E828BD0B0864}.Debug|x86.Build.0 = Debug|Any CPU
		{632A1460-BB77-4DE8-A699-E828BD0B0864}.Release|Any CPU.ActiveCfg = Release|Any CPU
		{632A1460-BB77-4DE8-A699-E828BD0B0864}.Release|Any CPU.Build.0 = Release|Any CPU
		{632A1460-BB77-4DE8-A699-E828BD0B0864}.Release|Mixed Platforms.ActiveCfg = Release|Any CPU
		{632A1460-BB77-4DE8-A699-E828BD0B0864}.Release|Mixed Platforms.Build.0 = Release|Any CPU
		{632A1460-BB77-4DE8-A699-E828BD0B0864}.Release|x86.ActiveCfg = Release|Any CPU
		{632A1460-BB77-4DE8-A699-E828BD0B0864}.Release|x86.Build.0 = Release|Any CPU
		{632A1460-BB77-4DE8-A699-E828BD0B0864}.Release-Combine|Any CPU.ActiveCfg = Release|Any CPU
		{632A1460-BB77-4DE8-A699-E828BD0B0864}.Release-Combine|Any CPU.Build.0 = Release|Any CPU
		{632A1460-BB77-4DE8-A699-E828BD0B0864}.Release-Combine|Mixed Platforms.ActiveCfg = Release|Any CPU
		{632A1460-BB77-4DE8-A699-E828BD0B0864}.Release-Combine|Mixed Platforms.Build.0 = Release|Any CPU
		{632A1460-BB77-4DE8-A699-E828BD0B0864}.Release-Combine|x86.ActiveCfg = Release|Any CPU
		{632A1460-BB77-4DE8-A699-E828BD0B0864}.Release-Combine|x86.Build.0 = Release|Any CPU
		{CD8E46DE-C63C-494D-BB40-0A78F0F64CD5}.Debug|Any CPU.ActiveCfg = Debug|Any CPU
		{CD8E46DE-C63C-494D-BB40-0A78F0F64CD5}.Debug|Any CPU.Build.0 = Debug|Any CPU
		{CD8E46DE-C63C-494D-BB40-0A78F0F64CD5}.Debug|Mixed Platforms.ActiveCfg = Debug|Any CPU
		{CD8E46DE-C63C-494D-BB40-0A78F0F64CD5}.Debug|Mixed Platforms.Build.0 = Debug|Any CPU
		{CD8E46DE-C63C-494D-BB40-0A78F0F64CD5}.Debug|x86.ActiveCfg = Debug|Any CPU
		{CD8E46DE-C63C-494D-BB40-0A78F0F64CD5}.Debug|x86.Build.0 = Debug|Any CPU
		{CD8E46DE-C63C-494D-BB40-0A78F0F64CD5}.Release|Any CPU.ActiveCfg = Release|Any CPU
		{CD8E46DE-C63C-494D-BB40-0A78F0F64CD5}.Release|Any CPU.Build.0 = Release|Any CPU
		{CD8E46DE-C63C-494D-BB40-0A78F0F64CD5}.Release|Mixed Platforms.ActiveCfg = Release|Any CPU
		{CD8E46DE-C63C-494D-BB40-0A78F0F64CD5}.Release|Mixed Platforms.Build.0 = Release|Any CPU
		{CD8E46DE-C63C-494D-BB40-0A78F0F64CD5}.Release|x86.ActiveCfg = Release|Any CPU
		{CD8E46DE-C63C-494D-BB40-0A78F0F64CD5}.Release|x86.Build.0 = Release|Any CPU
		{CD8E46DE-C63C-494D-BB40-0A78F0F64CD5}.Release-Combine|Any CPU.ActiveCfg = Release|Any CPU
		{CD8E46DE-C63C-494D-BB40-0A78F0F64CD5}.Release-Combine|Any CPU.Build.0 = Release|Any CPU
		{CD8E46DE-C63C-494D-BB40-0A78F0F64CD5}.Release-Combine|Mixed Platforms.ActiveCfg = Release|Any CPU
		{CD8E46DE-C63C-494D-BB40-0A78F0F64CD5}.Release-Combine|Mixed Platforms.Build.0 = Release|Any CPU
		{CD8E46DE-C63C-494D-BB40-0A78F0F64CD5}.Release-Combine|x86.ActiveCfg = Release|Any CPU
		{CD8E46DE-C63C-494D-BB40-0A78F0F64CD5}.Release-Combine|x86.Build.0 = Release|Any CPU
		{6EE10C51-6732-4D95-ACF5-572052A1B003}.Debug|Any CPU.ActiveCfg = Debug|Any CPU
		{6EE10C51-6732-4D95-ACF5-572052A1B003}.Debug|Any CPU.Build.0 = Debug|Any CPU
		{6EE10C51-6732-4D95-ACF5-572052A1B003}.Debug|Mixed Platforms.ActiveCfg = Debug|Any CPU
		{6EE10C51-6732-4D95-ACF5-572052A1B003}.Debug|Mixed Platforms.Build.0 = Debug|Any CPU
		{6EE10C51-6732-4D95-ACF5-572052A1B003}.Debug|x86.ActiveCfg = Debug|Any CPU
		{6EE10C51-6732-4D95-ACF5-572052A1B003}.Debug|x86.Build.0 = Debug|Any CPU
		{6EE10C51-6732-4D95-ACF5-572052A1B003}.Release|Any CPU.ActiveCfg = Release|Any CPU
		{6EE10C51-6732-4D95-ACF5-572052A1B003}.Release|Any CPU.Build.0 = Release|Any CPU
		{6EE10C51-6732-4D95-ACF5-572052A1B003}.Release|Mixed Platforms.ActiveCfg = Release|Any CPU
		{6EE10C51-6732-4D95-ACF5-572052A1B003}.Release|Mixed Platforms.Build.0 = Release|Any CPU
		{6EE10C51-6732-4D95-ACF5-572052A1B003}.Release|x86.ActiveCfg = Release|Any CPU
		{6EE10C51-6732-4D95-ACF5-572052A1B003}.Release|x86.Build.0 = Release|Any CPU
		{6EE10C51-6732-4D95-ACF5-572052A1B003}.Release-Combine|Any CPU.ActiveCfg = Release|Any CPU
		{6EE10C51-6732-4D95-ACF5-572052A1B003}.Release-Combine|Any CPU.Build.0 = Release|Any CPU
		{6EE10C51-6732-4D95-ACF5-572052A1B003}.Release-Combine|Mixed Platforms.ActiveCfg = Release|Any CPU
		{6EE10C51-6732-4D95-ACF5-572052A1B003}.Release-Combine|Mixed Platforms.Build.0 = Release|Any CPU
		{6EE10C51-6732-4D95-ACF5-572052A1B003}.Release-Combine|x86.ActiveCfg = Release|Any CPU
		{6EE10C51-6732-4D95-ACF5-572052A1B003}.Release-Combine|x86.Build.0 = Release|Any CPU
		{5EC49675-9B7C-4522-9B2B-193D9139BA89}.Debug|Any CPU.ActiveCfg = Debug|x86
		{5EC49675-9B7C-4522-9B2B-193D9139BA89}.Debug|Mixed Platforms.ActiveCfg = Debug|x86
		{5EC49675-9B7C-4522-9B2B-193D9139BA89}.Debug|Mixed Platforms.Build.0 = Debug|x86
		{5EC49675-9B7C-4522-9B2B-193D9139BA89}.Debug|x86.ActiveCfg = Debug|x86
		{5EC49675-9B7C-4522-9B2B-193D9139BA89}.Debug|x86.Build.0 = Debug|x86
		{5EC49675-9B7C-4522-9B2B-193D9139BA89}.Release|Any CPU.ActiveCfg = Release|x86
		{5EC49675-9B7C-4522-9B2B-193D9139BA89}.Release|Mixed Platforms.ActiveCfg = Release|x86
		{5EC49675-9B7C-4522-9B2B-193D9139BA89}.Release|Mixed Platforms.Build.0 = Release|x86
		{5EC49675-9B7C-4522-9B2B-193D9139BA89}.Release|x86.ActiveCfg = Release|x86
		{5EC49675-9B7C-4522-9B2B-193D9139BA89}.Release|x86.Build.0 = Release|x86
		{5EC49675-9B7C-4522-9B2B-193D9139BA89}.Release-Combine|Any CPU.ActiveCfg = Release|x86
		{5EC49675-9B7C-4522-9B2B-193D9139BA89}.Release-Combine|Any CPU.Build.0 = Release|x86
		{5EC49675-9B7C-4522-9B2B-193D9139BA89}.Release-Combine|Mixed Platforms.ActiveCfg = Release|x86
		{5EC49675-9B7C-4522-9B2B-193D9139BA89}.Release-Combine|Mixed Platforms.Build.0 = Release|x86
		{5EC49675-9B7C-4522-9B2B-193D9139BA89}.Release-Combine|x86.ActiveCfg = Release|x86
		{5EC49675-9B7C-4522-9B2B-193D9139BA89}.Release-Combine|x86.Build.0 = Release|x86
		{34C2CD22-C193-4CF4-992C-A67DC379DAFE}.Debug|Any CPU.ActiveCfg = Debug|Any CPU
		{34C2CD22-C193-4CF4-992C-A67DC379DAFE}.Debug|Any CPU.Build.0 = Debug|Any CPU
		{34C2CD22-C193-4CF4-992C-A67DC379DAFE}.Debug|Mixed Platforms.ActiveCfg = Debug|Any CPU
		{34C2CD22-C193-4CF4-992C-A67DC379DAFE}.Debug|Mixed Platforms.Build.0 = Debug|Any CPU
		{34C2CD22-C193-4CF4-992C-A67DC379DAFE}.Debug|x86.ActiveCfg = Debug|Any CPU
		{34C2CD22-C193-4CF4-992C-A67DC379DAFE}.Debug|x86.Build.0 = Debug|Any CPU
		{34C2CD22-C193-4CF4-992C-A67DC379DAFE}.Release|Any CPU.ActiveCfg = Release|Any CPU
		{34C2CD22-C193-4CF4-992C-A67DC379DAFE}.Release|Any CPU.Build.0 = Release|Any CPU
		{34C2CD22-C193-4CF4-992C-A67DC379DAFE}.Release|Mixed Platforms.ActiveCfg = Release|Any CPU
		{34C2CD22-C193-4CF4-992C-A67DC379DAFE}.Release|Mixed Platforms.Build.0 = Release|Any CPU
		{34C2CD22-C193-4CF4-992C-A67DC379DAFE}.Release|x86.ActiveCfg = Release|Any CPU
		{34C2CD22-C193-4CF4-992C-A67DC379DAFE}.Release|x86.Build.0 = Release|Any CPU
		{34C2CD22-C193-4CF4-992C-A67DC379DAFE}.Release-Combine|Any CPU.ActiveCfg = Release|Any CPU
		{34C2CD22-C193-4CF4-992C-A67DC379DAFE}.Release-Combine|Any CPU.Build.0 = Release|Any CPU
		{34C2CD22-C193-4CF4-992C-A67DC379DAFE}.Release-Combine|Mixed Platforms.ActiveCfg = Release|Any CPU
		{34C2CD22-C193-4CF4-992C-A67DC379DAFE}.Release-Combine|Mixed Platforms.Build.0 = Release|Any CPU
		{34C2CD22-C193-4CF4-992C-A67DC379DAFE}.Release-Combine|x86.ActiveCfg = Release|Any CPU
		{34C2CD22-C193-4CF4-992C-A67DC379DAFE}.Release-Combine|x86.Build.0 = Release|Any CPU
		{1DDE7E63-49F4-4A87-8DE7-F55D4FA81DA8}.Debug|Any CPU.ActiveCfg = Debug|Any CPU
		{1DDE7E63-49F4-4A87-8DE7-F55D4FA81DA8}.Debug|Any CPU.Build.0 = Debug|Any CPU
		{1DDE7E63-49F4-4A87-8DE7-F55D4FA81DA8}.Debug|Mixed Platforms.ActiveCfg = Debug|Any CPU
		{1DDE7E63-49F4-4A87-8DE7-F55D4FA81DA8}.Debug|Mixed Platforms.Build.0 = Debug|Any CPU
		{1DDE7E63-49F4-4A87-8DE7-F55D4FA81DA8}.Debug|x86.ActiveCfg = Debug|Any CPU
		{1DDE7E63-49F4-4A87-8DE7-F55D4FA81DA8}.Debug|x86.Build.0 = Debug|Any CPU
		{1DDE7E63-49F4-4A87-8DE7-F55D4FA81DA8}.Release|Any CPU.ActiveCfg = Release|Any CPU
		{1DDE7E63-49F4-4A87-8DE7-F55D4FA81DA8}.Release|Any CPU.Build.0 = Release|Any CPU
		{1DDE7E63-49F4-4A87-8DE7-F55D4FA81DA8}.Release|Mixed Platforms.ActiveCfg = Release|Any CPU
		{1DDE7E63-49F4-4A87-8DE7-F55D4FA81DA8}.Release|Mixed Platforms.Build.0 = Release|Any CPU
		{1DDE7E63-49F4-4A87-8DE7-F55D4FA81DA8}.Release|x86.ActiveCfg = Release|Any CPU
		{1DDE7E63-49F4-4A87-8DE7-F55D4FA81DA8}.Release|x86.Build.0 = Release|Any CPU
		{1DDE7E63-49F4-4A87-8DE7-F55D4FA81DA8}.Release-Combine|Any CPU.ActiveCfg = Release|Any CPU
		{1DDE7E63-49F4-4A87-8DE7-F55D4FA81DA8}.Release-Combine|Any CPU.Build.0 = Release|Any CPU
		{1DDE7E63-49F4-4A87-8DE7-F55D4FA81DA8}.Release-Combine|Mixed Platforms.ActiveCfg = Release|Any CPU
		{1DDE7E63-49F4-4A87-8DE7-F55D4FA81DA8}.Release-Combine|Mixed Platforms.Build.0 = Release|Any CPU
		{1DDE7E63-49F4-4A87-8DE7-F55D4FA81DA8}.Release-Combine|x86.ActiveCfg = Release|Any CPU
		{1DDE7E63-49F4-4A87-8DE7-F55D4FA81DA8}.Release-Combine|x86.Build.0 = Release|Any CPU
		{91F5F9EE-CC10-4D87-BB63-936D1421938D}.Debug|Any CPU.ActiveCfg = Debug|x86
		{91F5F9EE-CC10-4D87-BB63-936D1421938D}.Debug|Mixed Platforms.ActiveCfg = Debug|x86
		{91F5F9EE-CC10-4D87-BB63-936D1421938D}.Debug|Mixed Platforms.Build.0 = Debug|x86
		{91F5F9EE-CC10-4D87-BB63-936D1421938D}.Debug|x86.ActiveCfg = Debug|x86
		{91F5F9EE-CC10-4D87-BB63-936D1421938D}.Debug|x86.Build.0 = Debug|x86
		{91F5F9EE-CC10-4D87-BB63-936D1421938D}.Release|Any CPU.ActiveCfg = Release|x86
		{91F5F9EE-CC10-4D87-BB63-936D1421938D}.Release|Mixed Platforms.ActiveCfg = Release|x86
		{91F5F9EE-CC10-4D87-BB63-936D1421938D}.Release|Mixed Platforms.Build.0 = Release|x86
		{91F5F9EE-CC10-4D87-BB63-936D1421938D}.Release|x86.ActiveCfg = Release|x86
		{91F5F9EE-CC10-4D87-BB63-936D1421938D}.Release|x86.Build.0 = Release|x86
		{91F5F9EE-CC10-4D87-BB63-936D1421938D}.Release-Combine|Any CPU.ActiveCfg = Release|x86
		{91F5F9EE-CC10-4D87-BB63-936D1421938D}.Release-Combine|Any CPU.Build.0 = Release|x86
		{91F5F9EE-CC10-4D87-BB63-936D1421938D}.Release-Combine|Mixed Platforms.ActiveCfg = Release|x86
		{91F5F9EE-CC10-4D87-BB63-936D1421938D}.Release-Combine|Mixed Platforms.Build.0 = Release|x86
		{91F5F9EE-CC10-4D87-BB63-936D1421938D}.Release-Combine|x86.ActiveCfg = Release|x86
		{91F5F9EE-CC10-4D87-BB63-936D1421938D}.Release-Combine|x86.Build.0 = Release|x86
		{F34400E2-4E8D-4174-B602-E6CF94142451}.Debug|Any CPU.ActiveCfg = Debug|Any CPU
		{F34400E2-4E8D-4174-B602-E6CF94142451}.Debug|Any CPU.Build.0 = Debug|Any CPU
		{F34400E2-4E8D-4174-B602-E6CF94142451}.Debug|Mixed Platforms.ActiveCfg = Debug|Any CPU
		{F34400E2-4E8D-4174-B602-E6CF94142451}.Debug|Mixed Platforms.Build.0 = Debug|Any CPU
		{F34400E2-4E8D-4174-B602-E6CF94142451}.Debug|x86.ActiveCfg = Debug|Any CPU
		{F34400E2-4E8D-4174-B602-E6CF94142451}.Debug|x86.Build.0 = Debug|Any CPU
		{F34400E2-4E8D-4174-B602-E6CF94142451}.Release|Any CPU.ActiveCfg = Release|Any CPU
		{F34400E2-4E8D-4174-B602-E6CF94142451}.Release|Any CPU.Build.0 = Release|Any CPU
		{F34400E2-4E8D-4174-B602-E6CF94142451}.Release|Mixed Platforms.ActiveCfg = Release|Any CPU
		{F34400E2-4E8D-4174-B602-E6CF94142451}.Release|Mixed Platforms.Build.0 = Release|Any CPU
		{F34400E2-4E8D-4174-B602-E6CF94142451}.Release|x86.ActiveCfg = Release|Any CPU
		{F34400E2-4E8D-4174-B602-E6CF94142451}.Release|x86.Build.0 = Release|Any CPU
		{F34400E2-4E8D-4174-B602-E6CF94142451}.Release-Combine|Any CPU.ActiveCfg = Release|Any CPU
		{F34400E2-4E8D-4174-B602-E6CF94142451}.Release-Combine|Any CPU.Build.0 = Release|Any CPU
		{F34400E2-4E8D-4174-B602-E6CF94142451}.Release-Combine|Mixed Platforms.ActiveCfg = Release|Any CPU
		{F34400E2-4E8D-4174-B602-E6CF94142451}.Release-Combine|Mixed Platforms.Build.0 = Release|Any CPU
		{F34400E2-4E8D-4174-B602-E6CF94142451}.Release-Combine|x86.ActiveCfg = Release|Any CPU
		{F34400E2-4E8D-4174-B602-E6CF94142451}.Release-Combine|x86.Build.0 = Release|Any CPU
	EndGlobalSection
	GlobalSection(SolutionProperties) = preSolution
		HideSolutionNode = FALSE
	EndGlobalSection
	GlobalSection(NestedProjects) = preSolution
		{40605442-E95B-4677-B420-49769450C898} = {32DEA407-F0A1-4E3A-BE86-795BDFC5283F}
		{1AD36E7B-DB81-4582-B1B6-A32E577E8C15} = {32DEA407-F0A1-4E3A-BE86-795BDFC5283F}
		{81EDED4B-F818-4D2E-9627-7140B5D804F5} = {32DEA407-F0A1-4E3A-BE86-795BDFC5283F}
		{5A63DAAD-CECF-4F42-A118-BBCDFC24D9B8} = {32DEA407-F0A1-4E3A-BE86-795BDFC5283F}
		{AD94C6D8-099A-450B-8A8A-6F98B4910CE1} = {20C67BA2-160A-4B23-9D02-A326BCA0F490}
		{D652B246-421E-4A3C-979E-A54F005CEB72} = {20C67BA2-160A-4B23-9D02-A326BCA0F490}
		{9BCA8D0B-FED3-4494-90E9-0A18A527CC3C} = {52898E5B-5144-46FA-9D5D-D3D043994EC7}
		{6D54485B-78C9-4FBC-A18D-594FFB930DF8} = {52898E5B-5144-46FA-9D5D-D3D043994EC7}
		{82561624-445B-4711-AF2B-F4AE941F331F} = {52898E5B-5144-46FA-9D5D-D3D043994EC7}
		{9CCBDDF6-2608-48BB-9E71-B60B4758D4FF} = {501A7235-994F-4A91-8657-8EC4FA9524F8}
		{02977B61-72D9-4490-962E-F5ECC419C8F1} = {7E5A33DA-06EC-47FE-9764-D64923C5667D}
		{DFD39E62-6F6E-414A-8446-2EAAC02093C5} = {7E5A33DA-06EC-47FE-9764-D64923C5667D}
		{E7759526-723D-47CD-B833-8AEB1424C287} = {7E5A33DA-06EC-47FE-9764-D64923C5667D}
		{19EC1128-E85D-4047-9FAF-7D2B5B8A0856} = {CFA9E782-C73F-4816-A3FC-7A378C9612CC}
		{A59D53E1-5481-4826-9F97-5679A6A93C19} = {CFA9E782-C73F-4816-A3FC-7A378C9612CC}
		{E8C0C2AC-74AE-4C15-AD2C-97CC3E965374} = {C4DFB78D-7D08-4D96-82A6-4E26DEE8824F}
		{D5BDEE2D-2991-42BC-A7E4-CAC6862E7DA0} = {E8C0C2AC-74AE-4C15-AD2C-97CC3E965374}
		{FA598FEB-CC94-40C8-B901-03E1356567DF} = {D5BDEE2D-2991-42BC-A7E4-CAC6862E7DA0}
		{B0803286-89DF-4D3E-9884-58D6AC2C6B45} = {C4DFB78D-7D08-4D96-82A6-4E26DEE8824F}
		{BC4C586D-C645-4960-9353-24C3BA6707FD} = {C4DFB78D-7D08-4D96-82A6-4E26DEE8824F}
		{F9EA6889-691B-4898-BC6E-7184F5DBAF9E} = {C4DFB78D-7D08-4D96-82A6-4E26DEE8824F}
		{A1D6B07F-755C-4F0E-9CD1-20F683AF37E2} = {C4DFB78D-7D08-4D96-82A6-4E26DEE8824F}
		{505C8B29-8966-4A1A-8271-9EB733C1E27A} = {C4DFB78D-7D08-4D96-82A6-4E26DEE8824F}
		{A617941A-A751-45C6-AF9A-F9C637B88A77} = {C4DFB78D-7D08-4D96-82A6-4E26DEE8824F}
		{BB19FF08-6B55-4B16-8172-291FF363D439} = {C4DFB78D-7D08-4D96-82A6-4E26DEE8824F}
		{0CB4A3B1-8CD9-414D-AD1A-F5163495B22E} = {C4DFB78D-7D08-4D96-82A6-4E26DEE8824F}
		{96D9F6CA-8D35-4363-95FE-2129A7C88992} = {C4DFB78D-7D08-4D96-82A6-4E26DEE8824F}
		{146499B2-113A-4BCB-B30C-860F8F1153A6} = {501A7235-994F-4A91-8657-8EC4FA9524F8}
		{A4B3519A-940E-4A68-A405-D5F4F39AF5A2} = {7E5A33DA-06EC-47FE-9764-D64923C5667D}
		{CD8E46DE-C63C-494D-BB40-0A78F0F64CD5} = {FCF48A6C-9F01-442A-A9BE-57277288CED1}
		{6EE10C51-6732-4D95-ACF5-572052A1B003} = {FCF48A6C-9F01-442A-A9BE-57277288CED1}
		{5EC49675-9B7C-4522-9B2B-193D9139BA89} = {FCF48A6C-9F01-442A-A9BE-57277288CED1}
		{34C2CD22-C193-4CF4-992C-A67DC379DAFE} = {FCF48A6C-9F01-442A-A9BE-57277288CED1}
		{1DDE7E63-49F4-4A87-8DE7-F55D4FA81DA8} = {FCF48A6C-9F01-442A-A9BE-57277288CED1}
		{91F5F9EE-CC10-4D87-BB63-936D1421938D} = {FCF48A6C-9F01-442A-A9BE-57277288CED1}
		{F34400E2-4E8D-4174-B602-E6CF94142451} = {FCF48A6C-9F01-442A-A9BE-57277288CED1}
	EndGlobalSection
	GlobalSection(ExtensibilityGlobals) = postSolution
		VisualSVNWorkingCopyRoot = .
	EndGlobalSection
	GlobalSection(TestCaseManagementSettings) = postSolution
		CategoryFile = Dorado.vsmdi
	EndGlobalSection
EndGlobal
