
Microsoft Visual Studio Solution File, Format Version 12.00
# Visual Studio 14
VisualStudioVersion = 14.0.25123.0
MinimumVisualStudioVersion = 10.0.40219.1
Project("{FAE04EC0-301F-11D3-BF4B-00C04F79EFBC}") = "Dorado.Web", "Dorado.Web\Dorado.Web.csproj", "{146499B2-113A-4BCB-B30C-860F8F1153A6}"
EndProject
Global
	GlobalSection(SolutionConfigurationPlatforms) = preSolution
		CodeCoverage|Any CPU = CodeCoverage|Any CPU
		Debug|Any CPU = Debug|Any CPU
		FxCop|Any CPU = FxCop|Any CPU
		Release|Any CPU = Release|Any CPU
	EndGlobalSection
	GlobalSection(ProjectConfigurationPlatforms) = postSolution
		{146499B2-113A-4BCB-B30C-860F8F1153A6}.CodeCoverage|Any CPU.ActiveCfg = Release|Any CPU
		{146499B2-113A-4BCB-B30C-860F8F1153A6}.CodeCoverage|Any CPU.Build.0 = Release|Any CPU
		{146499B2-113A-4BCB-B30C-860F8F1153A6}.Debug|Any CPU.ActiveCfg = Debug|Any CPU
		{146499B2-113A-4BCB-B30C-860F8F1153A6}.Debug|Any CPU.Build.0 = Debug|Any CPU
		{146499B2-113A-4BCB-B30C-860F8F1153A6}.FxCop|Any CPU.ActiveCfg = Release|Any CPU
		{146499B2-113A-4BCB-B30C-860F8F1153A6}.FxCop|Any CPU.Build.0 = Release|Any CPU
		{146499B2-113A-4BCB-B30C-860F8F1153A6}.Release|Any CPU.ActiveCfg = Release|Any CPU
		{146499B2-113A-4BCB-B30C-860F8F1153A6}.Release|Any CPU.Build.0 = Release|Any CPU
	EndGlobalSection
	GlobalSection(SolutionProperties) = preSolution
		HideSolutionNode = FALSE
	EndGlobalSection
EndGlobal
