
Microsoft Visual Studio Solution File, Format Version 11.00
# Visual Studio 2010
Project("{FAE04EC0-301F-11D3-BF4B-00C04F79EFBC}") = "Dorado.Queue", "Dorado.Queue\Dorado.Queue.csproj", "{19EC1128-E85D-4047-9FAF-7D2B5B8A0856}"
EndProject
Global
	GlobalSection(SolutionConfigurationPlatforms) = preSolution
		Debug|Any CPU = Debug|Any CPU
		Release|Any CPU = Release|Any CPU
	EndGlobalSection
	GlobalSection(ProjectConfigurationPlatforms) = postSolution
		{19EC1128-E85D-4047-9FAF-7D2B5B8A0856}.Debug|Any CPU.ActiveCfg = Debug|Any CPU
		{19EC1128-E85D-4047-9FAF-7D2B5B8A0856}.Debug|Any CPU.Build.0 = Debug|Any CPU
		{19EC1128-E85D-4047-9FAF-7D2B5B8A0856}.Release|Any CPU.ActiveCfg = Release|Any CPU
		{19EC1128-E85D-4047-9FAF-7D2B5B8A0856}.Release|Any CPU.Build.0 = Release|Any CPU
	EndGlobalSection
	GlobalSection(SolutionProperties) = preSolution
		HideSolutionNode = FALSE
	EndGlobalSection
EndGlobal
